// !$*UTF8*$!
{
	archiveVersion = 1;
	classes = {
	};
	objectVersion = 54;
	objects = {

/* Begin PBXBuildFile section */
		02490AD1D98E337EF35226F1 /* CustomTabItemData.swift in Sources */ = {isa = PBXBuildFile; fileRef = 8F2CBE12167038FF5795678D /* CustomTabItemData.swift */; };
		02B457C71E2AEB17482A5A86 /* HealthBookViewModel.swift in Sources */ = {isa = PBXBuildFile; fileRef = 13C4904D6BCEB4130B7F67EC /* HealthBookViewModel.swift */; };
		040C832891315E27828F7E0D /* ClickerCoordinatorView.swift in Sources */ = {isa = PBXBuildFile; fileRef = 8E458978BD2EAB1E1C83FF29 /* ClickerCoordinatorView.swift */; };
		04FE85D8CF37B56CEEDA3655 /* FoodLogCoordinatorView.swift in Sources */ = {isa = PBXBuildFile; fileRef = 5D5E790326FB357AA29BDE36 /* FoodLogCoordinatorView.swift */; };
		06BAB5821A2640ABE1EF91BF /* FoodCheckerCoordinator.swift in Sources */ = {isa = PBXBuildFile; fileRef = A7321DD761CC0B5F2BDEE95B /* FoodCheckerCoordinator.swift */; };
		0DDD5A3769F0C5EA9990A0A4 /* ClickerViewModel.swift in Sources */ = {isa = PBXBuildFile; fileRef = A6CA4D0E1D164209620C1FBB /* ClickerViewModel.swift */; };
		0DF3C83E5EBBA51A5D921523 /* ProfileCoordinatorView.swift in Sources */ = {isa = PBXBuildFile; fileRef = 7ECDDFED0611D20205E3AA28 /* ProfileCoordinatorView.swift */; };
		0EBF7FD32A814A2300FA7D0E /* AddPetCoordinator.swift in Sources */ = {isa = PBXBuildFile; fileRef = 0EBF7FD22A814A2300FA7D0E /* AddPetCoordinator.swift */; };
		0EBF7FD52A814A2F00FA7D0E /* AddPetView.swift in Sources */ = {isa = PBXBuildFile; fileRef = 0EBF7FD42A814A2F00FA7D0E /* AddPetView.swift */; };
		0EBF7FD72A814A3C00FA7D0E /* AddPetCoordinatorView.swift in Sources */ = {isa = PBXBuildFile; fileRef = 0EBF7FD62A814A3C00FA7D0E /* AddPetCoordinatorView.swift */; };
		0EBF7FD92A814A4A00FA7D0E /* AddPetViewModel.swift in Sources */ = {isa = PBXBuildFile; fileRef = 0EBF7FD82A814A4A00FA7D0E /* AddPetViewModel.swift */; };
		0EBF808A2A85387000FA7D0E /* Results+.swift in Sources */ = {isa = PBXBuildFile; fileRef = 0EBF80892A85387000FA7D0E /* Results+.swift */; };
		0EBF808C2A85452D00FA7D0E /* FileManagerService.swift in Sources */ = {isa = PBXBuildFile; fileRef = 0EBF808B2A85452D00FA7D0E /* FileManagerService.swift */; };
		0EBF80962AA0DA7800FA7D0E /* FoodCardModel.swift in Sources */ = {isa = PBXBuildFile; fileRef = 0EBF80952AA0DA7800FA7D0E /* FoodCardModel.swift */; };
		0EF4E7D92ABC969D00E94D1D /* AddFoodView.swift in Sources */ = {isa = PBXBuildFile; fileRef = 0EF4E7D82ABC969D00E94D1D /* AddFoodView.swift */; };
		0EF4E7DB2ABC979C00E94D1D /* AddFoodViewModel.swift in Sources */ = {isa = PBXBuildFile; fileRef = 0EF4E7DA2ABC979C00E94D1D /* AddFoodViewModel.swift */; };
		0EF4E7DD2ABC97B100E94D1D /* AddFoodCoordinator.swift in Sources */ = {isa = PBXBuildFile; fileRef = 0EF4E7DC2ABC97B100E94D1D /* AddFoodCoordinator.swift */; };
		0EF4E7DF2ABC97BD00E94D1D /* AddFoodCoordinatorView.swift in Sources */ = {isa = PBXBuildFile; fileRef = 0EF4E7DE2ABC97BD00E94D1D /* AddFoodCoordinatorView.swift */; };
		0EF4E7E12ABC97CE00E94D1D /* AddMealCoordinator.swift in Sources */ = {isa = PBXBuildFile; fileRef = 0EF4E7E02ABC97CE00E94D1D /* AddMealCoordinator.swift */; };
		0EF4E7E32ABC97D800E94D1D /* AddMealCoordinatorView.swift in Sources */ = {isa = PBXBuildFile; fileRef = 0EF4E7E22ABC97D800E94D1D /* AddMealCoordinatorView.swift */; };
		0EF4E7E52ABC9D9A00E94D1D /* AddMealViewModel.swift in Sources */ = {isa = PBXBuildFile; fileRef = 0EF4E7E42ABC9D9A00E94D1D /* AddMealViewModel.swift */; };
		0EF4E7E92ABC9F6400E94D1D /* AddMealView.swift in Sources */ = {isa = PBXBuildFile; fileRef = 0EF4E7E82ABC9F6400E94D1D /* AddMealView.swift */; };
		10EE9AC8CF8297CD83CD665C /* Assets.xcassets in Resources */ = {isa = PBXBuildFile; fileRef = AD6F29BBFCA6884FFAB1A539 /* Assets.xcassets */; };
		1257810BCAC38C868D7CFE2D /* MealModel.swift in Sources */ = {isa = PBXBuildFile; fileRef = DD174AF75B53FEF4887ADB2B /* MealModel.swift */; };
		199A8368CEA47EB5E4233C03 /* CustomAppTab.swift in Sources */ = {isa = PBXBuildFile; fileRef = 55820D5280DE3D68133F4088 /* CustomAppTab.swift */; };
		1C305841D38475A56748E1F3 /* FoodLogCoordinator.swift in Sources */ = {isa = PBXBuildFile; fileRef = ECADCFF81EB027BBB325C286 /* FoodLogCoordinator.swift */; };
		21475E37B62B9E37C86C3DEA /* CalendarWeekView.swift in Sources */ = {isa = PBXBuildFile; fileRef = 70ED51F1FB1717C19D8BF45A /* CalendarWeekView.swift */; };
		217D7ECA523B4F3082BD7086 /* FoodCheckerView.swift in Sources */ = {isa = PBXBuildFile; fileRef = BE80FB374CFE9A66A90E8484 /* FoodCheckerView.swift */; };
		3ADE52F7AC6721953E0DCA5D /* FoodLogViewModel.swift in Sources */ = {isa = PBXBuildFile; fileRef = 7DB09AB850F7A38722CBCBBE /* FoodLogViewModel.swift */; };
		3E8BC07EC82D8A645EC2A5D7 /* ClickerCoordinator.swift in Sources */ = {isa = PBXBuildFile; fileRef = 3FBE95342CE684FE1BAA1535 /* ClickerCoordinator.swift */; };
		4BC6760CA71274B920AF564E /* VolumeObserver.swift in Sources */ = {isa = PBXBuildFile; fileRef = 6E7FED8C0EA5B56143C5D39A /* VolumeObserver.swift */; };
		51A12B1142BDDEB27F2BFA45 /* MPView.swift in Sources */ = {isa = PBXBuildFile; fileRef = ED1E8FE86B2056AC87CAF04D /* MPView.swift */; };
		53D1E9A7C119B5984A733BDC /* HomeViewModel.swift in Sources */ = {isa = PBXBuildFile; fileRef = BF2BBCF01770C4AA40CA271C /* HomeViewModel.swift */; };
		5C930BAD5D29597EC381376B /* ImagePicker.swift in Sources */ = {isa = PBXBuildFile; fileRef = 7B50E3B18D906BC8B41D0F5F /* ImagePicker.swift */; };
		5DD571A9A9B53DCFE750D340 /* FoodCheckerCardView.swift in Sources */ = {isa = PBXBuildFile; fileRef = CF415DB46A037EC82BD5C598 /* FoodCheckerCardView.swift */; };
		630C9127EF048DEF5DB32DB5 /* ProfileCoordinator.swift in Sources */ = {isa = PBXBuildFile; fileRef = 1D9682E3571BB00BD7E560AF /* ProfileCoordinator.swift */; };
		6AF2184D69F09F43922C7BA2 /* CalendarView.swift in Sources */ = {isa = PBXBuildFile; fileRef = BBFB23C7754D9C5114CE0BBC /* CalendarView.swift */; };
		77F1D5AFBFE63E00902B0857 /* DragDirection.swift in Sources */ = {isa = PBXBuildFile; fileRef = 712159F814C1EB579D4446BE /* DragDirection.swift */; };
		78808F9628ADADBED9B3BE5E /* Realm in Frameworks */ = {isa = PBXBuildFile; productRef = 75AA0AEEC56DA826DB301C5C /* Realm */; };
		79FB28D9724C3C70B0791294 /* FoodCheckerViewModel.swift in Sources */ = {isa = PBXBuildFile; fileRef = 75F0B0AB3248B68E38304047 /* FoodCheckerViewModel.swift */; };
		7B84FE0FD86D9D3B860473EA /* Drops in Frameworks */ = {isa = PBXBuildFile; productRef = 6279F9475ABA106599C8D9A9 /* Drops */; };
		80F5D2E17ABDBB1F85E13553 /* HomeCoordinator.swift in Sources */ = {isa = PBXBuildFile; fileRef = 156189B4902A739BBF12D7FE /* HomeCoordinator.swift */; };
		8180720074107713DA2E682E /* CustomTabBottomView.swift in Sources */ = {isa = PBXBuildFile; fileRef = BA1D9B5D825C8540D69FEBC3 /* CustomTabBottomView.swift */; };
		87D005EDAA8AC38A450721B8 /* MPVolumeView+.swift in Sources */ = {isa = PBXBuildFile; fileRef = 8E772EDE4ACB25AAD11A554A /* MPVolumeView+.swift */; };
		9005B0E5453F88DBC01165F9 /* PBNavigationBar.swift in Sources */ = {isa = PBXBuildFile; fileRef = 3B8463486BC160C7F36BFF43 /* PBNavigationBar.swift */; };
		998CFAB853EA7D94B11F832B /* products.json in Resources */ = {isa = PBXBuildFile; fileRef = 08FA5C73D9C09605141C4C27 /* products.json */; };
		9B5522617CD32628DCD5751A /* Repository.swift in Sources */ = {isa = PBXBuildFile; fileRef = 55B7F78C55660E9C1A3CA96F /* Repository.swift */; };
		A1CE3A97F2050912E09317F5 /* Click.mp3 in Resources */ = {isa = PBXBuildFile; fileRef = B35524D3BDEBB8FD8759DDA1 /* Click.mp3 */; };
		A2D3120EA0577BE0ABFFA971 /* PetModel.swift in Sources */ = {isa = PBXBuildFile; fileRef = 952E85B1AE89DFE3EC20B2FC /* PetModel.swift */; };
		A94DC831F7C191DCB77E61D5 /* RealmSwift in Frameworks */ = {isa = PBXBuildFile; productRef = 555FB82AACC8D59C8652CA9C /* RealmSwift */; };
		AA95895E5C53C1148F842699 /* WeekValue.swift in Sources */ = {isa = PBXBuildFile; fileRef = 6C0AB5C6819D0B9914B0F750 /* WeekValue.swift */; };
		AA9B2FC705D25B297B32189E /* PetBuddyTests.swift in Sources */ = {isa = PBXBuildFile; fileRef = C7436651686417965A273AE7 /* PetBuddyTests.swift */; };
		AD032165FF929ECCE2BD4E61 /* HomeCoordinatorView.swift in Sources */ = {isa = PBXBuildFile; fileRef = B2BD48E33DEB4A1A0B3266D8 /* HomeCoordinatorView.swift */; };
		B2C447F4C9DEAABA3D7FA782 /* ProfileView.swift in Sources */ = {isa = PBXBuildFile; fileRef = C2A15E2B8716A9D2A20B67EA /* ProfileView.swift */; };
		B7BE283C852545DFDB87ABE1 /* FoodModel.swift in Sources */ = {isa = PBXBuildFile; fileRef = 85B493DC29DBFD9D3E446851 /* FoodModel.swift */; };
		BAF6E43DB31F67AE97295F85 /* FoodRepository.swift in Sources */ = {isa = PBXBuildFile; fileRef = 47DE50B5A78C43981F31D1C5 /* FoodRepository.swift */; };
		BCC48FB0FDD6B9A576087D83 /* CustomTabView.swift in Sources */ = {isa = PBXBuildFile; fileRef = 2E9E0C92DF67D6E82C245283 /* CustomTabView.swift */; };
		BE0E8B9862E35B2B1F54528C /* CustomTabItemView.swift in Sources */ = {isa = PBXBuildFile; fileRef = BEE420B76FE618F4E181C721 /* CustomTabItemView.swift */; };
		BFFA733E5786C4E2A8F2ABE7 /* ClickerView.swift in Sources */ = {isa = PBXBuildFile; fileRef = 78061A1B47DE45F294139F17 /* ClickerView.swift */; };
		C4F1AFCF3FD9FBD711060F88 /* Preview Assets.xcassets in Resources */ = {isa = PBXBuildFile; fileRef = F8676D4CDD3889AF8E0A5C7A /* Preview Assets.xcassets */; };
		C5EBA7C2B33508F7177CDEF3 /* MainCoordinator.swift in Sources */ = {isa = PBXBuildFile; fileRef = DADE346AFB9712AE524BB1E8 /* MainCoordinator.swift */; };
		C8EF1F6D615BCA4E34C96011 /* FoodCheckerCoordinatorView.swift in Sources */ = {isa = PBXBuildFile; fileRef = E9E523E55F4C9EE398BF285C /* FoodCheckerCoordinatorView.swift */; };
		CF0B6635494D1BF37D5D5046 /* HealthBookView.swift in Sources */ = {isa = PBXBuildFile; fileRef = 01DBA177230E11C04EB75EE7 /* HealthBookView.swift */; };
		CFF546459BB9F2CE1C0E91BB /* PetBuddyApp.swift in Sources */ = {isa = PBXBuildFile; fileRef = E4027E9DE58E225277E47F77 /* PetBuddyApp.swift */; };
		D4702DFD9F2AF00609E02AA2 /* MainCoordinatorView.swift in Sources */ = {isa = PBXBuildFile; fileRef = 1E83AB4AC7F61E4F02DFB5B2 /* MainCoordinatorView.swift */; };
		D5668C0605103037719B2974 /* HomeView.swift in Sources */ = {isa = PBXBuildFile; fileRef = 8364DC5A74CDB1B9A96748A0 /* HomeView.swift */; };
		DB71B3D69B8C612F4347E631 /* WeekManager.swift in Sources */ = {isa = PBXBuildFile; fileRef = 0EFC5C87B83EC22136D698B7 /* WeekManager.swift */; };
		E6492027ACDDCFF6E025B56A /* FoodLogView.swift in Sources */ = {isa = PBXBuildFile; fileRef = 072ADDCA79982AC025354C89 /* FoodLogView.swift */; };
		E8030E4701B521E7E926048D /* ProfileViewModel.swift in Sources */ = {isa = PBXBuildFile; fileRef = 3FFA9CFF02E4DEC6161A9CBB /* ProfileViewModel.swift */; };
		F37254C8A79C7E1F05051911 /* HealthBookCoordinator.swift in Sources */ = {isa = PBXBuildFile; fileRef = 1E8F490044A1DD5C5AE6C8D3 /* HealthBookCoordinator.swift */; };
		F532E875CB44244E62E1D616 /* HealthBookCoordinatorView.swift in Sources */ = {isa = PBXBuildFile; fileRef = 950852FEADDC1C5CA3F07FCB /* HealthBookCoordinatorView.swift */; };
		F8F2839A15DC53577A8F9380 /* FoodCardView.swift in Sources */ = {isa = PBXBuildFile; fileRef = 6E0CEDEDAABF05D847FAAB0B /* FoodCardView.swift */; };
		F9BF1E0974DE4EEB3EEC526A /* MealRepository.swift in Sources */ = {isa = PBXBuildFile; fileRef = 3659DA064612A2BCF4F0B836 /* MealRepository.swift */; };
		FCB145C73CC6936A2EF5ED71 /* PetRepository.swift in Sources */ = {isa = PBXBuildFile; fileRef = AAB2CB6A1DC78C9A1DCD8F20 /* PetRepository.swift */; };
/* End PBXBuildFile section */

/* Begin PBXFileReference section */
		01DBA177230E11C04EB75EE7 /* HealthBookView.swift */ = {isa = PBXFileReference; lastKnownFileType = sourcecode.swift; path = HealthBookView.swift; sourceTree = "<group>"; };
		072ADDCA79982AC025354C89 /* FoodLogView.swift */ = {isa = PBXFileReference; lastKnownFileType = sourcecode.swift; path = FoodLogView.swift; sourceTree = "<group>"; };
		08FA5C73D9C09605141C4C27 /* products.json */ = {isa = PBXFileReference; lastKnownFileType = text.json; path = products.json; sourceTree = "<group>"; };
		0EBF7FD22A814A2300FA7D0E /* AddPetCoordinator.swift */ = {isa = PBXFileReference; lastKnownFileType = sourcecode.swift; path = AddPetCoordinator.swift; sourceTree = "<group>"; };
		0EBF7FD42A814A2F00FA7D0E /* AddPetView.swift */ = {isa = PBXFileReference; lastKnownFileType = sourcecode.swift; path = AddPetView.swift; sourceTree = "<group>"; };
		0EBF7FD62A814A3C00FA7D0E /* AddPetCoordinatorView.swift */ = {isa = PBXFileReference; lastKnownFileType = sourcecode.swift; path = AddPetCoordinatorView.swift; sourceTree = "<group>"; };
		0EBF7FD82A814A4A00FA7D0E /* AddPetViewModel.swift */ = {isa = PBXFileReference; lastKnownFileType = sourcecode.swift; path = AddPetViewModel.swift; sourceTree = "<group>"; };
		0EBF80892A85387000FA7D0E /* Results+.swift */ = {isa = PBXFileReference; lastKnownFileType = sourcecode.swift; path = "Results+.swift"; sourceTree = "<group>"; };
		0EBF808B2A85452D00FA7D0E /* FileManagerService.swift */ = {isa = PBXFileReference; lastKnownFileType = sourcecode.swift; path = FileManagerService.swift; sourceTree = "<group>"; };
		0EBF80952AA0DA7800FA7D0E /* FoodCardModel.swift */ = {isa = PBXFileReference; lastKnownFileType = sourcecode.swift; path = FoodCardModel.swift; sourceTree = "<group>"; };
		0EF4E7D82ABC969D00E94D1D /* AddFoodView.swift */ = {isa = PBXFileReference; lastKnownFileType = sourcecode.swift; path = AddFoodView.swift; sourceTree = "<group>"; };
		0EF4E7DA2ABC979C00E94D1D /* AddFoodViewModel.swift */ = {isa = PBXFileReference; lastKnownFileType = sourcecode.swift; path = AddFoodViewModel.swift; sourceTree = "<group>"; };
		0EF4E7DC2ABC97B100E94D1D /* AddFoodCoordinator.swift */ = {isa = PBXFileReference; lastKnownFileType = sourcecode.swift; path = AddFoodCoordinator.swift; sourceTree = "<group>"; };
		0EF4E7DE2ABC97BD00E94D1D /* AddFoodCoordinatorView.swift */ = {isa = PBXFileReference; lastKnownFileType = sourcecode.swift; path = AddFoodCoordinatorView.swift; sourceTree = "<group>"; };
		0EF4E7E02ABC97CE00E94D1D /* AddMealCoordinator.swift */ = {isa = PBXFileReference; lastKnownFileType = sourcecode.swift; path = AddMealCoordinator.swift; sourceTree = "<group>"; };
		0EF4E7E22ABC97D800E94D1D /* AddMealCoordinatorView.swift */ = {isa = PBXFileReference; lastKnownFileType = sourcecode.swift; path = AddMealCoordinatorView.swift; sourceTree = "<group>"; };
		0EF4E7E42ABC9D9A00E94D1D /* AddMealViewModel.swift */ = {isa = PBXFileReference; lastKnownFileType = sourcecode.swift; path = AddMealViewModel.swift; sourceTree = "<group>"; };
		0EF4E7E82ABC9F6400E94D1D /* AddMealView.swift */ = {isa = PBXFileReference; lastKnownFileType = sourcecode.swift; path = AddMealView.swift; sourceTree = "<group>"; };
		0EFC5C87B83EC22136D698B7 /* WeekManager.swift */ = {isa = PBXFileReference; lastKnownFileType = sourcecode.swift; path = WeekManager.swift; sourceTree = "<group>"; };
		13C4904D6BCEB4130B7F67EC /* HealthBookViewModel.swift */ = {isa = PBXFileReference; lastKnownFileType = sourcecode.swift; path = HealthBookViewModel.swift; sourceTree = "<group>"; };
		156189B4902A739BBF12D7FE /* HomeCoordinator.swift */ = {isa = PBXFileReference; lastKnownFileType = sourcecode.swift; path = HomeCoordinator.swift; sourceTree = "<group>"; };
		1D9682E3571BB00BD7E560AF /* ProfileCoordinator.swift */ = {isa = PBXFileReference; lastKnownFileType = sourcecode.swift; path = ProfileCoordinator.swift; sourceTree = "<group>"; };
		1E83AB4AC7F61E4F02DFB5B2 /* MainCoordinatorView.swift */ = {isa = PBXFileReference; lastKnownFileType = sourcecode.swift; path = MainCoordinatorView.swift; sourceTree = "<group>"; };
		1E8F490044A1DD5C5AE6C8D3 /* HealthBookCoordinator.swift */ = {isa = PBXFileReference; lastKnownFileType = sourcecode.swift; path = HealthBookCoordinator.swift; sourceTree = "<group>"; };
		2E9E0C92DF67D6E82C245283 /* CustomTabView.swift */ = {isa = PBXFileReference; lastKnownFileType = sourcecode.swift; path = CustomTabView.swift; sourceTree = "<group>"; };
		3659DA064612A2BCF4F0B836 /* MealRepository.swift */ = {isa = PBXFileReference; lastKnownFileType = sourcecode.swift; path = MealRepository.swift; sourceTree = "<group>"; };
		3B8463486BC160C7F36BFF43 /* PBNavigationBar.swift */ = {isa = PBXFileReference; lastKnownFileType = sourcecode.swift; path = PBNavigationBar.swift; sourceTree = "<group>"; };
		3FBE95342CE684FE1BAA1535 /* ClickerCoordinator.swift */ = {isa = PBXFileReference; lastKnownFileType = sourcecode.swift; path = ClickerCoordinator.swift; sourceTree = "<group>"; };
		3FFA9CFF02E4DEC6161A9CBB /* ProfileViewModel.swift */ = {isa = PBXFileReference; lastKnownFileType = sourcecode.swift; path = ProfileViewModel.swift; sourceTree = "<group>"; };
		47DE50B5A78C43981F31D1C5 /* FoodRepository.swift */ = {isa = PBXFileReference; lastKnownFileType = sourcecode.swift; path = FoodRepository.swift; sourceTree = "<group>"; };
		55820D5280DE3D68133F4088 /* CustomAppTab.swift */ = {isa = PBXFileReference; lastKnownFileType = sourcecode.swift; path = CustomAppTab.swift; sourceTree = "<group>"; };
		55B7F78C55660E9C1A3CA96F /* Repository.swift */ = {isa = PBXFileReference; lastKnownFileType = sourcecode.swift; path = Repository.swift; sourceTree = "<group>"; };
		5D5E790326FB357AA29BDE36 /* FoodLogCoordinatorView.swift */ = {isa = PBXFileReference; lastKnownFileType = sourcecode.swift; path = FoodLogCoordinatorView.swift; sourceTree = "<group>"; };
		6C0AB5C6819D0B9914B0F750 /* WeekValue.swift */ = {isa = PBXFileReference; lastKnownFileType = sourcecode.swift; path = WeekValue.swift; sourceTree = "<group>"; };
		6E0CEDEDAABF05D847FAAB0B /* FoodCardView.swift */ = {isa = PBXFileReference; lastKnownFileType = sourcecode.swift; path = FoodCardView.swift; sourceTree = "<group>"; };
		6E7FED8C0EA5B56143C5D39A /* VolumeObserver.swift */ = {isa = PBXFileReference; lastKnownFileType = sourcecode.swift; path = VolumeObserver.swift; sourceTree = "<group>"; };
		6FF4476468D5330F910BCC94 /* Info.generated.plist */ = {isa = PBXFileReference; lastKnownFileType = text.plist; path = Info.generated.plist; sourceTree = "<group>"; };
		70ED51F1FB1717C19D8BF45A /* CalendarWeekView.swift */ = {isa = PBXFileReference; lastKnownFileType = sourcecode.swift; path = CalendarWeekView.swift; sourceTree = "<group>"; };
		712159F814C1EB579D4446BE /* DragDirection.swift */ = {isa = PBXFileReference; lastKnownFileType = sourcecode.swift; path = DragDirection.swift; sourceTree = "<group>"; };
		75F0B0AB3248B68E38304047 /* FoodCheckerViewModel.swift */ = {isa = PBXFileReference; lastKnownFileType = sourcecode.swift; path = FoodCheckerViewModel.swift; sourceTree = "<group>"; };
		78061A1B47DE45F294139F17 /* ClickerView.swift */ = {isa = PBXFileReference; lastKnownFileType = sourcecode.swift; path = ClickerView.swift; sourceTree = "<group>"; };
		7B50E3B18D906BC8B41D0F5F /* ImagePicker.swift */ = {isa = PBXFileReference; lastKnownFileType = sourcecode.swift; path = ImagePicker.swift; sourceTree = "<group>"; };
		7DB09AB850F7A38722CBCBBE /* FoodLogViewModel.swift */ = {isa = PBXFileReference; lastKnownFileType = sourcecode.swift; path = FoodLogViewModel.swift; sourceTree = "<group>"; };
		7ECDDFED0611D20205E3AA28 /* ProfileCoordinatorView.swift */ = {isa = PBXFileReference; lastKnownFileType = sourcecode.swift; path = ProfileCoordinatorView.swift; sourceTree = "<group>"; };
		8341C8BBAE52594229A293EC /* PetBuddy-Tests.xctest */ = {isa = PBXFileReference; includeInIndex = 0; lastKnownFileType = wrapper.cfbundle; path = "PetBuddy-Tests.xctest"; sourceTree = BUILT_PRODUCTS_DIR; };
		8364DC5A74CDB1B9A96748A0 /* HomeView.swift */ = {isa = PBXFileReference; lastKnownFileType = sourcecode.swift; path = HomeView.swift; sourceTree = "<group>"; };
		85B493DC29DBFD9D3E446851 /* FoodModel.swift */ = {isa = PBXFileReference; lastKnownFileType = sourcecode.swift; path = FoodModel.swift; sourceTree = "<group>"; };
		8E458978BD2EAB1E1C83FF29 /* ClickerCoordinatorView.swift */ = {isa = PBXFileReference; lastKnownFileType = sourcecode.swift; path = ClickerCoordinatorView.swift; sourceTree = "<group>"; };
		8E772EDE4ACB25AAD11A554A /* MPVolumeView+.swift */ = {isa = PBXFileReference; lastKnownFileType = sourcecode.swift; path = "MPVolumeView+.swift"; sourceTree = "<group>"; };
		8F2CBE12167038FF5795678D /* CustomTabItemData.swift */ = {isa = PBXFileReference; lastKnownFileType = sourcecode.swift; path = CustomTabItemData.swift; sourceTree = "<group>"; };
		950852FEADDC1C5CA3F07FCB /* HealthBookCoordinatorView.swift */ = {isa = PBXFileReference; lastKnownFileType = sourcecode.swift; path = HealthBookCoordinatorView.swift; sourceTree = "<group>"; };
		952E85B1AE89DFE3EC20B2FC /* PetModel.swift */ = {isa = PBXFileReference; lastKnownFileType = sourcecode.swift; path = PetModel.swift; sourceTree = "<group>"; };
		A6CA4D0E1D164209620C1FBB /* ClickerViewModel.swift */ = {isa = PBXFileReference; lastKnownFileType = sourcecode.swift; path = ClickerViewModel.swift; sourceTree = "<group>"; };
		A7321DD761CC0B5F2BDEE95B /* FoodCheckerCoordinator.swift */ = {isa = PBXFileReference; lastKnownFileType = sourcecode.swift; path = FoodCheckerCoordinator.swift; sourceTree = "<group>"; };
		AAB2CB6A1DC78C9A1DCD8F20 /* PetRepository.swift */ = {isa = PBXFileReference; lastKnownFileType = sourcecode.swift; path = PetRepository.swift; sourceTree = "<group>"; };
		AD6F29BBFCA6884FFAB1A539 /* Assets.xcassets */ = {isa = PBXFileReference; lastKnownFileType = folder.assetcatalog; path = Assets.xcassets; sourceTree = "<group>"; };
		AE59393451BBCB54715C066C /* Info.generated.plist */ = {isa = PBXFileReference; lastKnownFileType = text.plist; path = Info.generated.plist; sourceTree = "<group>"; };
		B2BD48E33DEB4A1A0B3266D8 /* HomeCoordinatorView.swift */ = {isa = PBXFileReference; lastKnownFileType = sourcecode.swift; path = HomeCoordinatorView.swift; sourceTree = "<group>"; };
		B35524D3BDEBB8FD8759DDA1 /* Click.mp3 */ = {isa = PBXFileReference; lastKnownFileType = audio.mp3; path = Click.mp3; sourceTree = "<group>"; };
		BA1D9B5D825C8540D69FEBC3 /* CustomTabBottomView.swift */ = {isa = PBXFileReference; lastKnownFileType = sourcecode.swift; path = CustomTabBottomView.swift; sourceTree = "<group>"; };
		BBFB23C7754D9C5114CE0BBC /* CalendarView.swift */ = {isa = PBXFileReference; lastKnownFileType = sourcecode.swift; path = CalendarView.swift; sourceTree = "<group>"; };
		BE80FB374CFE9A66A90E8484 /* FoodCheckerView.swift */ = {isa = PBXFileReference; lastKnownFileType = sourcecode.swift; path = FoodCheckerView.swift; sourceTree = "<group>"; };
		BEE420B76FE618F4E181C721 /* CustomTabItemView.swift */ = {isa = PBXFileReference; lastKnownFileType = sourcecode.swift; path = CustomTabItemView.swift; sourceTree = "<group>"; };
		BF2BBCF01770C4AA40CA271C /* HomeViewModel.swift */ = {isa = PBXFileReference; lastKnownFileType = sourcecode.swift; path = HomeViewModel.swift; sourceTree = "<group>"; };
		C2A15E2B8716A9D2A20B67EA /* ProfileView.swift */ = {isa = PBXFileReference; lastKnownFileType = sourcecode.swift; path = ProfileView.swift; sourceTree = "<group>"; };
		C7436651686417965A273AE7 /* PetBuddyTests.swift */ = {isa = PBXFileReference; lastKnownFileType = sourcecode.swift; path = PetBuddyTests.swift; sourceTree = "<group>"; };
		CF415DB46A037EC82BD5C598 /* FoodCheckerCardView.swift */ = {isa = PBXFileReference; lastKnownFileType = sourcecode.swift; path = FoodCheckerCardView.swift; sourceTree = "<group>"; };
		DADE346AFB9712AE524BB1E8 /* MainCoordinator.swift */ = {isa = PBXFileReference; lastKnownFileType = sourcecode.swift; path = MainCoordinator.swift; sourceTree = "<group>"; };
		DD174AF75B53FEF4887ADB2B /* MealModel.swift */ = {isa = PBXFileReference; lastKnownFileType = sourcecode.swift; path = MealModel.swift; sourceTree = "<group>"; };
		E1E5F68641D95BB5D0FE395D /* PetBuddy.app */ = {isa = PBXFileReference; explicitFileType = wrapper.application; includeInIndex = 0; path = PetBuddy.app; sourceTree = BUILT_PRODUCTS_DIR; };
		E4027E9DE58E225277E47F77 /* PetBuddyApp.swift */ = {isa = PBXFileReference; lastKnownFileType = sourcecode.swift; path = PetBuddyApp.swift; sourceTree = "<group>"; };
		E9E523E55F4C9EE398BF285C /* FoodCheckerCoordinatorView.swift */ = {isa = PBXFileReference; lastKnownFileType = sourcecode.swift; path = FoodCheckerCoordinatorView.swift; sourceTree = "<group>"; };
		ECADCFF81EB027BBB325C286 /* FoodLogCoordinator.swift */ = {isa = PBXFileReference; lastKnownFileType = sourcecode.swift; path = FoodLogCoordinator.swift; sourceTree = "<group>"; };
		ED1E8FE86B2056AC87CAF04D /* MPView.swift */ = {isa = PBXFileReference; lastKnownFileType = sourcecode.swift; path = MPView.swift; sourceTree = "<group>"; };
		F8676D4CDD3889AF8E0A5C7A /* Preview Assets.xcassets */ = {isa = PBXFileReference; lastKnownFileType = folder.assetcatalog; path = "Preview Assets.xcassets"; sourceTree = "<group>"; };
/* End PBXFileReference section */

/* Begin PBXFrameworksBuildPhase section */
		C1C51597216940EE97844F8E /* Frameworks */ = {
			isa = PBXFrameworksBuildPhase;
			buildActionMask = 2147483647;
			files = (
				7B84FE0FD86D9D3B860473EA /* Drops in Frameworks */,
				78808F9628ADADBED9B3BE5E /* Realm in Frameworks */,
				A94DC831F7C191DCB77E61D5 /* RealmSwift in Frameworks */,
			);
			runOnlyForDeploymentPostprocessing = 0;
		};
/* End PBXFrameworksBuildPhase section */

/* Begin PBXGroup section */
		0025ED92A901044D3B0C261D /* View */ = {
			isa = PBXGroup;
			children = (
				01DBA177230E11C04EB75EE7 /* HealthBookView.swift */,
			);
			path = View;
			sourceTree = "<group>";
		};
		01A6B9D63300FC57B7AA47DF /* CustomTabView */ = {
			isa = PBXGroup;
			children = (
				55820D5280DE3D68133F4088 /* CustomAppTab.swift */,
				BA1D9B5D825C8540D69FEBC3 /* CustomTabBottomView.swift */,
				8F2CBE12167038FF5795678D /* CustomTabItemData.swift */,
				BEE420B76FE618F4E181C721 /* CustomTabItemView.swift */,
				2E9E0C92DF67D6E82C245283 /* CustomTabView.swift */,
			);
			path = CustomTabView;
			sourceTree = "<group>";
		};
		0A5D13205E349A743F8D246B /* Products */ = {
			isa = PBXGroup;
			children = (
				8341C8BBAE52594229A293EC /* PetBuddy-Tests.xctest */,
				E1E5F68641D95BB5D0FE395D /* PetBuddy.app */,
			);
			name = Products;
			sourceTree = "<group>";
		};
		0E675FE68B29BA34E73315BF /* PetBuddyTests */ = {
			isa = PBXGroup;
			children = (
				C7436651686417965A273AE7 /* PetBuddyTests.swift */,
				4A9FDFA655907BD4517A4303 /* Resources */,
			);
			path = PetBuddyTests;
			sourceTree = "<group>";
		};
		0E6931B2A9DF01BF2B56FFB3 /* Resources */ = {
			isa = PBXGroup;
			children = (
				B35524D3BDEBB8FD8759DDA1 /* Click.mp3 */,
				AE59393451BBCB54715C066C /* Info.generated.plist */,
			);
			path = Resources;
			sourceTree = "<group>";
		};
		0EBF7FCD2A81497F00FA7D0E /* PBNavigationBar */ = {
			isa = PBXGroup;
			children = (
				3B8463486BC160C7F36BFF43 /* PBNavigationBar.swift */,
			);
			path = PBNavigationBar;
			sourceTree = "<group>";
		};
		0EBF7FCE2A8149DD00FA7D0E /* Add Pet */ = {
			isa = PBXGroup;
			children = (
				0EBF7FCF2A8149FA00FA7D0E /* Coordinator */,
				0EBF7FD02A814A0000FA7D0E /* View */,
				0EBF7FD12A814A0500FA7D0E /* ViewModel */,
			);
			path = "Add Pet";
			sourceTree = "<group>";
		};
		0EBF7FCF2A8149FA00FA7D0E /* Coordinator */ = {
			isa = PBXGroup;
			children = (
				0EBF7FD22A814A2300FA7D0E /* AddPetCoordinator.swift */,
				0EBF7FD62A814A3C00FA7D0E /* AddPetCoordinatorView.swift */,
			);
			path = Coordinator;
			sourceTree = "<group>";
		};
		0EBF7FD02A814A0000FA7D0E /* View */ = {
			isa = PBXGroup;
			children = (
				0EBF7FD42A814A2F00FA7D0E /* AddPetView.swift */,
			);
			path = View;
			sourceTree = "<group>";
		};
		0EBF7FD12A814A0500FA7D0E /* ViewModel */ = {
			isa = PBXGroup;
			children = (
				0EBF7FD82A814A4A00FA7D0E /* AddPetViewModel.swift */,
			);
			path = ViewModel;
			sourceTree = "<group>";
		};
		0EBF80942AA0D9AC00FA7D0E /* FoodCardView */ = {
			isa = PBXGroup;
			children = (
				6E0CEDEDAABF05D847FAAB0B /* FoodCardView.swift */,
			);
			path = FoodCardView;
			sourceTree = "<group>";
		};
		0EF4E7D02ABC964C00E94D1D /* Add Meal */ = {
			isa = PBXGroup;
			children = (
				0EF4E7D42ABC966E00E94D1D /* Coordinator */,
				0EF4E7D32ABC966700E94D1D /* ViewModel */,
				0EF4E7D22ABC966300E94D1D /* View */,
			);
			path = "Add Meal";
			sourceTree = "<group>";
		};
		0EF4E7D12ABC965400E94D1D /* Add Food */ = {
			isa = PBXGroup;
			children = (
				0EF4E7D72ABC968100E94D1D /* Coordinator */,
				0EF4E7D62ABC967C00E94D1D /* ViewModel */,
				0EF4E7D52ABC967800E94D1D /* View */,
			);
			path = "Add Food";
			sourceTree = "<group>";
		};
		0EF4E7D22ABC966300E94D1D /* View */ = {
			isa = PBXGroup;
			children = (
				0EF4E7E82ABC9F6400E94D1D /* AddMealView.swift */,
			);
			path = View;
			sourceTree = "<group>";
		};
		0EF4E7D32ABC966700E94D1D /* ViewModel */ = {
			isa = PBXGroup;
			children = (
				0EF4E7E42ABC9D9A00E94D1D /* AddMealViewModel.swift */,
			);
			path = ViewModel;
			sourceTree = "<group>";
		};
		0EF4E7D42ABC966E00E94D1D /* Coordinator */ = {
			isa = PBXGroup;
			children = (
				0EF4E7E02ABC97CE00E94D1D /* AddMealCoordinator.swift */,
				0EF4E7E22ABC97D800E94D1D /* AddMealCoordinatorView.swift */,
			);
			path = Coordinator;
			sourceTree = "<group>";
		};
		0EF4E7D52ABC967800E94D1D /* View */ = {
			isa = PBXGroup;
			children = (
				0EF4E7D82ABC969D00E94D1D /* AddFoodView.swift */,
			);
			path = View;
			sourceTree = "<group>";
		};
		0EF4E7D62ABC967C00E94D1D /* ViewModel */ = {
			isa = PBXGroup;
			children = (
				0EF4E7DA2ABC979C00E94D1D /* AddFoodViewModel.swift */,
			);
			path = ViewModel;
			sourceTree = "<group>";
		};
		0EF4E7D72ABC968100E94D1D /* Coordinator */ = {
			isa = PBXGroup;
			children = (
				0EF4E7DC2ABC97B100E94D1D /* AddFoodCoordinator.swift */,
				0EF4E7DE2ABC97BD00E94D1D /* AddFoodCoordinatorView.swift */,
			);
			path = Coordinator;
			sourceTree = "<group>";
		};
		149421028D350EE19771CAE3 /* ViewModel */ = {
			isa = PBXGroup;
			children = (
				3FFA9CFF02E4DEC6161A9CBB /* ProfileViewModel.swift */,
			);
			path = ViewModel;
			sourceTree = "<group>";
		};
		156250E938919EEF6C0B715E /* Extensions */ = {
			isa = PBXGroup;
			children = (
				8E772EDE4ACB25AAD11A554A /* MPVolumeView+.swift */,
				0EBF80892A85387000FA7D0E /* Results+.swift */,
			);
			path = Extensions;
			sourceTree = "<group>";
		};
		17DB13154ACC74B1162C25D7 /* Coordinator */ = {
			isa = PBXGroup;
			children = (
				ECADCFF81EB027BBB325C286 /* FoodLogCoordinator.swift */,
				5D5E790326FB357AA29BDE36 /* FoodLogCoordinatorView.swift */,
			);
			path = Coordinator;
			sourceTree = "<group>";
		};
		3069E981B51288FBDE745709 /* Components */ = {
			isa = PBXGroup;
			children = (
				0EBF80942AA0D9AC00FA7D0E /* FoodCardView */,
				9E79F45ECEFDC76CC67D4F6A /* CalendarView */,
			);
			path = Components;
			sourceTree = "<group>";
		};
		35FDFA52CA6A685545C4C1C6 /* ViewModel */ = {
			isa = PBXGroup;
			children = (
				BF2BBCF01770C4AA40CA271C /* HomeViewModel.swift */,
			);
			path = ViewModel;
			sourceTree = "<group>";
		};
		378E801648179151D218AB59 /* Clicker */ = {
			isa = PBXGroup;
			children = (
				76627B74A392C1BBBBC1D687 /* Coordinator */,
				FEBF8A746E34484B4287B1BA /* View */,
				AB1C1E07BD9FCB2AEFA9F6F1 /* ViewModel */,
			);
			path = Clicker;
			sourceTree = "<group>";
		};
		3D2E5A33C0F04DF8013C633D /* Custom */ = {
			isa = PBXGroup;
			children = (
				0EBF7FCD2A81497F00FA7D0E /* PBNavigationBar */,
				01A6B9D63300FC57B7AA47DF /* CustomTabView */,
			);
			path = Custom;
			sourceTree = "<group>";
		};
		3EBD40FCE16BC0C0C6A13F96 /* Database */ = {
			isa = PBXGroup;
			children = (
				3F02120D27ECC0141A3229CA /* Repository */,
			);
			path = Database;
			sourceTree = "<group>";
		};
		3F02120D27ECC0141A3229CA /* Repository */ = {
			isa = PBXGroup;
			children = (
				47DE50B5A78C43981F31D1C5 /* FoodRepository.swift */,
				3659DA064612A2BCF4F0B836 /* MealRepository.swift */,
				AAB2CB6A1DC78C9A1DCD8F20 /* PetRepository.swift */,
				55B7F78C55660E9C1A3CA96F /* Repository.swift */,
			);
			path = Repository;
			sourceTree = "<group>";
		};
		4A9FDFA655907BD4517A4303 /* Resources */ = {
			isa = PBXGroup;
			children = (
				6FF4476468D5330F910BCC94 /* Info.generated.plist */,
			);
			path = Resources;
			sourceTree = "<group>";
		};
		55A8B0DF7BAD5FF8C07E821E /* Shared */ = {
			isa = PBXGroup;
			children = (
				9DF2849590F3A0FAF4F90B66 /* Models */,
			);
			path = Shared;
			sourceTree = "<group>";
		};
		58EFD8DB66AD35928BE2F8A4 /* Profile */ = {
			isa = PBXGroup;
			children = (
				5D2A3E6706C1DBBCCE050B3C /* Components */,
				E5DF47B04E94E812BE503715 /* Coordinator */,
				5D09ABB9030849604A1A1B9F /* View */,
				149421028D350EE19771CAE3 /* ViewModel */,
			);
			path = Profile;
			sourceTree = "<group>";
		};
		5C3053B1C4523CF5F65DF713 /* Components */ = {
			isa = PBXGroup;
			children = (
				A86090C74FF5921140FF7E28 /* FoodCheckerCard */,
			);
			path = Components;
			sourceTree = "<group>";
		};
		5D09ABB9030849604A1A1B9F /* View */ = {
			isa = PBXGroup;
			children = (
				C2A15E2B8716A9D2A20B67EA /* ProfileView.swift */,
			);
			path = View;
			sourceTree = "<group>";
		};
		5D2A3E6706C1DBBCCE050B3C /* Components */ = {
			isa = PBXGroup;
			children = (
				7B50E3B18D906BC8B41D0F5F /* ImagePicker.swift */,
			);
			path = Components;
			sourceTree = "<group>";
		};
		60B7F7C2C186EC43B13BAA56 /* Coordinator */ = {
			isa = PBXGroup;
			children = (
				1E8F490044A1DD5C5AE6C8D3 /* HealthBookCoordinator.swift */,
				950852FEADDC1C5CA3F07FCB /* HealthBookCoordinatorView.swift */,
			);
			path = Coordinator;
			sourceTree = "<group>";
		};
		62D4F58A1954A47B9DEB0A48 /* Model */ = {
			isa = PBXGroup;
			children = (
				712159F814C1EB579D4446BE /* DragDirection.swift */,
				6C0AB5C6819D0B9914B0F750 /* WeekValue.swift */,
			);
			path = Model;
			sourceTree = "<group>";
		};
		67D747E589C92BCBAA235D52 /* ViewModel */ = {
			isa = PBXGroup;
			children = (
				13C4904D6BCEB4130B7F67EC /* HealthBookViewModel.swift */,
			);
			path = ViewModel;
			sourceTree = "<group>";
		};
		73B9522A80CE958EF484B7F9 /* ViewModel */ = {
			isa = PBXGroup;
			children = (
				7DB09AB850F7A38722CBCBBE /* FoodLogViewModel.swift */,
			);
			path = ViewModel;
			sourceTree = "<group>";
		};
		76627B74A392C1BBBBC1D687 /* Coordinator */ = {
			isa = PBXGroup;
			children = (
				3FBE95342CE684FE1BAA1535 /* ClickerCoordinator.swift */,
				8E458978BD2EAB1E1C83FF29 /* ClickerCoordinatorView.swift */,
			);
			path = Coordinator;
			sourceTree = "<group>";
		};
		7A70DB587B2E97F5A4922F87 /* Manager */ = {
			isa = PBXGroup;
			children = (
				0EFC5C87B83EC22136D698B7 /* WeekManager.swift */,
			);
			path = Manager;
			sourceTree = "<group>";
		};
		7B36CBC2915090595D986483 /* Coordinator */ = {
			isa = PBXGroup;
			children = (
				DADE346AFB9712AE524BB1E8 /* MainCoordinator.swift */,
				1E83AB4AC7F61E4F02DFB5B2 /* MainCoordinatorView.swift */,
			);
			path = Coordinator;
			sourceTree = "<group>";
		};
		7C65A0831892E59A27DA0599 /* Coordinator */ = {
			isa = PBXGroup;
			children = (
				156189B4902A739BBF12D7FE /* HomeCoordinator.swift */,
				B2BD48E33DEB4A1A0B3266D8 /* HomeCoordinatorView.swift */,
			);
			path = Coordinator;
			sourceTree = "<group>";
		};
		7E259BE76ED1CB06C67B4990 /* Model */ = {
			isa = PBXGroup;
			children = (
				85B493DC29DBFD9D3E446851 /* FoodModel.swift */,
				DD174AF75B53FEF4887ADB2B /* MealModel.swift */,
				0EBF80952AA0DA7800FA7D0E /* FoodCardModel.swift */,
			);
			path = Model;
			sourceTree = "<group>";
		};
		860E796F6E75DCD9BC29B0AC /* Coordinator */ = {
			isa = PBXGroup;
			children = (
				A7321DD761CC0B5F2BDEE95B /* FoodCheckerCoordinator.swift */,
				E9E523E55F4C9EE398BF285C /* FoodCheckerCoordinatorView.swift */,
			);
			path = Coordinator;
			sourceTree = "<group>";
		};
		87273667DE6E44DFA19C51B7 /* FoodChecker */ = {
			isa = PBXGroup;
			children = (
				BE80FB374CFE9A66A90E8484 /* FoodCheckerView.swift */,
				5C3053B1C4523CF5F65DF713 /* Components */,
				860E796F6E75DCD9BC29B0AC /* Coordinator */,
				B0A8668B5AB428D89BE1C0C0 /* ViewModel */,
			);
			path = FoodChecker;
			sourceTree = "<group>";
		};
		8E80C38F989048FED6CAFF57 /* Module */ = {
			isa = PBXGroup;
			children = (
				0EF4E7D12ABC965400E94D1D /* Add Food */,
				0EF4E7D02ABC964C00E94D1D /* Add Meal */,
				0EBF7FCE2A8149DD00FA7D0E /* Add Pet */,
				378E801648179151D218AB59 /* Clicker */,
				901CC4A8AE9664ED4B19EBD6 /* Food Log */,
				87273667DE6E44DFA19C51B7 /* FoodChecker */,
				968F51124B67960441E53576 /* Health Book */,
				A9A7860658F00CEDE6D2711C /* Home */,
				92D27E1DB5936DE6D559DDC2 /* Main */,
				58EFD8DB66AD35928BE2F8A4 /* Profile */,
			);
			path = Module;
			sourceTree = "<group>";
		};
		901CC4A8AE9664ED4B19EBD6 /* Food Log */ = {
			isa = PBXGroup;
			children = (
				3069E981B51288FBDE745709 /* Components */,
				17DB13154ACC74B1162C25D7 /* Coordinator */,
				7E259BE76ED1CB06C67B4990 /* Model */,
				E7FE7FC41353478131FC428E /* View */,
				73B9522A80CE958EF484B7F9 /* ViewModel */,
			);
			path = "Food Log";
			sourceTree = "<group>";
		};
		92D27E1DB5936DE6D559DDC2 /* Main */ = {
			isa = PBXGroup;
			children = (
				7B36CBC2915090595D986483 /* Coordinator */,
			);
			path = Main;
			sourceTree = "<group>";
		};
		968F51124B67960441E53576 /* Health Book */ = {
			isa = PBXGroup;
			children = (
				60B7F7C2C186EC43B13BAA56 /* Coordinator */,
				0025ED92A901044D3B0C261D /* View */,
				67D747E589C92BCBAA235D52 /* ViewModel */,
			);
			path = "Health Book";
			sourceTree = "<group>";
		};
		9DF2849590F3A0FAF4F90B66 /* Models */ = {
			isa = PBXGroup;
			children = (
				952E85B1AE89DFE3EC20B2FC /* PetModel.swift */,
			);
			path = Models;
			sourceTree = "<group>";
		};
		9E79F45ECEFDC76CC67D4F6A /* CalendarView */ = {
			isa = PBXGroup;
			children = (
				BBFB23C7754D9C5114CE0BBC /* CalendarView.swift */,
				70ED51F1FB1717C19D8BF45A /* CalendarWeekView.swift */,
				7A70DB587B2E97F5A4922F87 /* Manager */,
				62D4F58A1954A47B9DEB0A48 /* Model */,
			);
			path = CalendarView;
			sourceTree = "<group>";
		};
		A86090C74FF5921140FF7E28 /* FoodCheckerCard */ = {
			isa = PBXGroup;
			children = (
				CF415DB46A037EC82BD5C598 /* FoodCheckerCardView.swift */,
			);
			path = FoodCheckerCard;
			sourceTree = "<group>";
		};
		A9A7860658F00CEDE6D2711C /* Home */ = {
			isa = PBXGroup;
			children = (
				7C65A0831892E59A27DA0599 /* Coordinator */,
				BB5C62C08B73BC921233FC53 /* View */,
				35FDFA52CA6A685545C4C1C6 /* ViewModel */,
			);
			path = Home;
			sourceTree = "<group>";
		};
		AB1C1E07BD9FCB2AEFA9F6F1 /* ViewModel */ = {
			isa = PBXGroup;
			children = (
				A6CA4D0E1D164209620C1FBB /* ClickerViewModel.swift */,
			);
			path = ViewModel;
			sourceTree = "<group>";
		};
		B0A8668B5AB428D89BE1C0C0 /* ViewModel */ = {
			isa = PBXGroup;
			children = (
				75F0B0AB3248B68E38304047 /* FoodCheckerViewModel.swift */,
			);
			path = ViewModel;
			sourceTree = "<group>";
		};
		BB5C62C08B73BC921233FC53 /* View */ = {
			isa = PBXGroup;
			children = (
				8364DC5A74CDB1B9A96748A0 /* HomeView.swift */,
			);
			path = View;
			sourceTree = "<group>";
		};
		CAD0EAB395E2C1BC74CD2BBF /* Preview Content */ = {
			isa = PBXGroup;
			children = (
				F8676D4CDD3889AF8E0A5C7A /* Preview Assets.xcassets */,
			);
			path = "Preview Content";
			sourceTree = "<group>";
		};
		CD0DAAABCFD90E92A46C663F /* PetBuddy */ = {
			isa = PBXGroup;
			children = (
				AD6F29BBFCA6884FFAB1A539 /* Assets.xcassets */,
				E4027E9DE58E225277E47F77 /* PetBuddyApp.swift */,
				08FA5C73D9C09605141C4C27 /* products.json */,
				3D2E5A33C0F04DF8013C633D /* Custom */,
				3EBD40FCE16BC0C0C6A13F96 /* Database */,
				156250E938919EEF6C0B715E /* Extensions */,
				8E80C38F989048FED6CAFF57 /* Module */,
				CAD0EAB395E2C1BC74CD2BBF /* Preview Content */,
				0E6931B2A9DF01BF2B56FFB3 /* Resources */,
				EEF7C9A2F257E047405AC6E3 /* Service */,
				55A8B0DF7BAD5FF8C07E821E /* Shared */,
			);
			path = PetBuddy;
			sourceTree = "<group>";
		};
		E56C68EBC0BBF403A81C6955 = {
			isa = PBXGroup;
			children = (
				CD0DAAABCFD90E92A46C663F /* PetBuddy */,
				0E675FE68B29BA34E73315BF /* PetBuddyTests */,
				0A5D13205E349A743F8D246B /* Products */,
			);
			sourceTree = "<group>";
		};
		E5DF47B04E94E812BE503715 /* Coordinator */ = {
			isa = PBXGroup;
			children = (
				1D9682E3571BB00BD7E560AF /* ProfileCoordinator.swift */,
				7ECDDFED0611D20205E3AA28 /* ProfileCoordinatorView.swift */,
			);
			path = Coordinator;
			sourceTree = "<group>";
		};
		E7FE7FC41353478131FC428E /* View */ = {
			isa = PBXGroup;
			children = (
				072ADDCA79982AC025354C89 /* FoodLogView.swift */,
			);
			path = View;
			sourceTree = "<group>";
		};
		EEF7C9A2F257E047405AC6E3 /* Service */ = {
			isa = PBXGroup;
			children = (
				6E7FED8C0EA5B56143C5D39A /* VolumeObserver.swift */,
				0EBF808B2A85452D00FA7D0E /* FileManagerService.swift */,
			);
			path = Service;
			sourceTree = "<group>";
		};
		FEBF8A746E34484B4287B1BA /* View */ = {
			isa = PBXGroup;
			children = (
				78061A1B47DE45F294139F17 /* ClickerView.swift */,
				ED1E8FE86B2056AC87CAF04D /* MPView.swift */,
			);
			path = View;
			sourceTree = "<group>";
		};
/* End PBXGroup section */

/* Begin PBXNativeTarget section */
		7A60AA270D5526FE63E0AED8 /* PetBuddy */ = {
			isa = PBXNativeTarget;
			buildConfigurationList = D72E91DA1473597038999DA6 /* Build configuration list for PBXNativeTarget "PetBuddy" */;
			buildPhases = (
				76BEE904182083D311EB0361 /* SwiftLint */,
				0F4B1E3CBA785BACECC0FA9C /* Sources */,
				76021B5D9D24E5807C8A856E /* Resources */,
				C1C51597216940EE97844F8E /* Frameworks */,
			);
			buildRules = (
			);
			dependencies = (
			);
			name = PetBuddy;
			packageProductDependencies = (
				6279F9475ABA106599C8D9A9 /* Drops */,
				75AA0AEEC56DA826DB301C5C /* Realm */,
				555FB82AACC8D59C8652CA9C /* RealmSwift */,
			);
			productName = PetBuddy;
			productReference = E1E5F68641D95BB5D0FE395D /* PetBuddy.app */;
			productType = "com.apple.product-type.application";
		};
		E754BA64539BD1B2E92389BA /* PetBuddy-Tests */ = {
			isa = PBXNativeTarget;
			buildConfigurationList = 3B1144E24FFBBA7B6FF14524 /* Build configuration list for PBXNativeTarget "PetBuddy-Tests" */;
			buildPhases = (
				E2FA8296C897B040128E984D /* Sources */,
			);
			buildRules = (
			);
			dependencies = (
			);
			name = "PetBuddy-Tests";
			productName = "PetBuddy-Tests";
			productReference = 8341C8BBAE52594229A293EC /* PetBuddy-Tests.xctest */;
			productType = "com.apple.product-type.bundle.unit-test";
		};
/* End PBXNativeTarget section */

/* Begin PBXProject section */
		1AB3FDA43C63F99D5B5D1E79 /* Project object */ = {
			isa = PBXProject;
			attributes = {
				BuildIndependentTargetsInParallel = YES;
				LastUpgradeCheck = 1430;
			};
			buildConfigurationList = EA732A533DCC7C9FFFA1E5F6 /* Build configuration list for PBXProject "PetBuddy" */;
			compatibilityVersion = "Xcode 11.0";
			developmentRegion = en;
			hasScannedForEncodings = 0;
			knownRegions = (
				Base,
				en,
			);
			mainGroup = E56C68EBC0BBF403A81C6955;
			packageReferences = (
				448A2B51695EDCB9BB04B769 /* XCRemoteSwiftPackageReference "Drops" */,
				072498221BB72DF954E9383E /* XCRemoteSwiftPackageReference "realm-core" */,
				6104D79C53BED28DEB1B09C0 /* XCRemoteSwiftPackageReference "realm-swift" */,
			);
			projectDirPath = "";
			projectRoot = "";
			targets = (
				7A60AA270D5526FE63E0AED8 /* PetBuddy */,
				E754BA64539BD1B2E92389BA /* PetBuddy-Tests */,
			);
		};
/* End PBXProject section */

/* Begin PBXResourcesBuildPhase section */
		76021B5D9D24E5807C8A856E /* Resources */ = {
			isa = PBXResourcesBuildPhase;
			buildActionMask = 2147483647;
			files = (
				10EE9AC8CF8297CD83CD665C /* Assets.xcassets in Resources */,
				A1CE3A97F2050912E09317F5 /* Click.mp3 in Resources */,
				C4F1AFCF3FD9FBD711060F88 /* Preview Assets.xcassets in Resources */,
				998CFAB853EA7D94B11F832B /* products.json in Resources */,
			);
			runOnlyForDeploymentPostprocessing = 0;
		};
/* End PBXResourcesBuildPhase section */

/* Begin PBXShellScriptBuildPhase section */
		76BEE904182083D311EB0361 /* SwiftLint */ = {
			isa = PBXShellScriptBuildPhase;
			buildActionMask = 2147483647;
			files = (
			);
			inputFileListPaths = (
			);
			inputPaths = (
			);
			name = SwiftLint;
			outputFileListPaths = (
			);
			outputPaths = (
				"$(DERIVED_FILE_DIR)/swiftlint-output",
			);
			runOnlyForDeploymentPostprocessing = 0;
			shellPath = /bin/sh;
			shellScript = "export PATH=\"$PATH:/opt/homebrew/bin\"\nif which swiftlint > /dev/null; then\n  swiftlint\nelse\n  echo \"warning: SwiftLint not installed, download from https://github.com/realm/SwiftLint\"\nfi\n";
		};
/* End PBXShellScriptBuildPhase section */

/* Begin PBXSourcesBuildPhase section */
		0F4B1E3CBA785BACECC0FA9C /* Sources */ = {
			isa = PBXSourcesBuildPhase;
			buildActionMask = 2147483647;
			files = (
				6AF2184D69F09F43922C7BA2 /* CalendarView.swift in Sources */,
				0EBF7FD92A814A4A00FA7D0E /* AddPetViewModel.swift in Sources */,
				21475E37B62B9E37C86C3DEA /* CalendarWeekView.swift in Sources */,
				3E8BC07EC82D8A645EC2A5D7 /* ClickerCoordinator.swift in Sources */,
				040C832891315E27828F7E0D /* ClickerCoordinatorView.swift in Sources */,
				BFFA733E5786C4E2A8F2ABE7 /* ClickerView.swift in Sources */,
				0DDD5A3769F0C5EA9990A0A4 /* ClickerViewModel.swift in Sources */,
				199A8368CEA47EB5E4233C03 /* CustomAppTab.swift in Sources */,
				8180720074107713DA2E682E /* CustomTabBottomView.swift in Sources */,
				0EBF808C2A85452D00FA7D0E /* FileManagerService.swift in Sources */,
				0EBF7FD32A814A2300FA7D0E /* AddPetCoordinator.swift in Sources */,
				02490AD1D98E337EF35226F1 /* CustomTabItemData.swift in Sources */,
				BE0E8B9862E35B2B1F54528C /* CustomTabItemView.swift in Sources */,
				BCC48FB0FDD6B9A576087D83 /* CustomTabView.swift in Sources */,
				0EF4E7D92ABC969D00E94D1D /* AddFoodView.swift in Sources */,
				0EF4E7E92ABC9F6400E94D1D /* AddMealView.swift in Sources */,
				0EF4E7DD2ABC97B100E94D1D /* AddFoodCoordinator.swift in Sources */,
				77F1D5AFBFE63E00902B0857 /* DragDirection.swift in Sources */,
				F8F2839A15DC53577A8F9380 /* FoodCardView.swift in Sources */,
				5DD571A9A9B53DCFE750D340 /* FoodCheckerCardView.swift in Sources */,
				06BAB5821A2640ABE1EF91BF /* FoodCheckerCoordinator.swift in Sources */,
				C8EF1F6D615BCA4E34C96011 /* FoodCheckerCoordinatorView.swift in Sources */,
				217D7ECA523B4F3082BD7086 /* FoodCheckerView.swift in Sources */,
				79FB28D9724C3C70B0791294 /* FoodCheckerViewModel.swift in Sources */,
				1C305841D38475A56748E1F3 /* FoodLogCoordinator.swift in Sources */,
				0EF4E7E52ABC9D9A00E94D1D /* AddMealViewModel.swift in Sources */,
				04FE85D8CF37B56CEEDA3655 /* FoodLogCoordinatorView.swift in Sources */,
				0EF4E7DF2ABC97BD00E94D1D /* AddFoodCoordinatorView.swift in Sources */,
				E6492027ACDDCFF6E025B56A /* FoodLogView.swift in Sources */,
				3ADE52F7AC6721953E0DCA5D /* FoodLogViewModel.swift in Sources */,
				0EBF7FD52A814A2F00FA7D0E /* AddPetView.swift in Sources */,
				B7BE283C852545DFDB87ABE1 /* FoodModel.swift in Sources */,
				0EF4E7E32ABC97D800E94D1D /* AddMealCoordinatorView.swift in Sources */,
				BAF6E43DB31F67AE97295F85 /* FoodRepository.swift in Sources */,
				F37254C8A79C7E1F05051911 /* HealthBookCoordinator.swift in Sources */,
				0EF4E7E12ABC97CE00E94D1D /* AddMealCoordinator.swift in Sources */,
				F532E875CB44244E62E1D616 /* HealthBookCoordinatorView.swift in Sources */,
				CF0B6635494D1BF37D5D5046 /* HealthBookView.swift in Sources */,
				02B457C71E2AEB17482A5A86 /* HealthBookViewModel.swift in Sources */,
				80F5D2E17ABDBB1F85E13553 /* HomeCoordinator.swift in Sources */,
				AD032165FF929ECCE2BD4E61 /* HomeCoordinatorView.swift in Sources */,
				D5668C0605103037719B2974 /* HomeView.swift in Sources */,
				53D1E9A7C119B5984A733BDC /* HomeViewModel.swift in Sources */,
				5C930BAD5D29597EC381376B /* ImagePicker.swift in Sources */,
				51A12B1142BDDEB27F2BFA45 /* MPView.swift in Sources */,
				87D005EDAA8AC38A450721B8 /* MPVolumeView+.swift in Sources */,
				C5EBA7C2B33508F7177CDEF3 /* MainCoordinator.swift in Sources */,
				D4702DFD9F2AF00609E02AA2 /* MainCoordinatorView.swift in Sources */,
				0EF4E7DB2ABC979C00E94D1D /* AddFoodViewModel.swift in Sources */,
				1257810BCAC38C868D7CFE2D /* MealModel.swift in Sources */,
				F9BF1E0974DE4EEB3EEC526A /* MealRepository.swift in Sources */,
				0EBF80962AA0DA7800FA7D0E /* FoodCardModel.swift in Sources */,
				0EBF7FD72A814A3C00FA7D0E /* AddPetCoordinatorView.swift in Sources */,
				9005B0E5453F88DBC01165F9 /* PBNavigationBar.swift in Sources */,
				CFF546459BB9F2CE1C0E91BB /* PetBuddyApp.swift in Sources */,
				A2D3120EA0577BE0ABFFA971 /* PetModel.swift in Sources */,
				0EBF808A2A85387000FA7D0E /* Results+.swift in Sources */,
				FCB145C73CC6936A2EF5ED71 /* PetRepository.swift in Sources */,
				630C9127EF048DEF5DB32DB5 /* ProfileCoordinator.swift in Sources */,
				0DF3C83E5EBBA51A5D921523 /* ProfileCoordinatorView.swift in Sources */,
				B2C447F4C9DEAABA3D7FA782 /* ProfileView.swift in Sources */,
				E8030E4701B521E7E926048D /* ProfileViewModel.swift in Sources */,
				9B5522617CD32628DCD5751A /* Repository.swift in Sources */,
				4BC6760CA71274B920AF564E /* VolumeObserver.swift in Sources */,
				DB71B3D69B8C612F4347E631 /* WeekManager.swift in Sources */,
				AA95895E5C53C1148F842699 /* WeekValue.swift in Sources */,
			);
			runOnlyForDeploymentPostprocessing = 0;
		};
		E2FA8296C897B040128E984D /* Sources */ = {
			isa = PBXSourcesBuildPhase;
			buildActionMask = 2147483647;
			files = (
				AA9B2FC705D25B297B32189E /* PetBuddyTests.swift in Sources */,
			);
			runOnlyForDeploymentPostprocessing = 0;
		};
/* End PBXSourcesBuildPhase section */

/* Begin XCBuildConfiguration section */
		1495B571D5E3D8FE61D48F35 /* Release */ = {
			isa = XCBuildConfiguration;
			buildSettings = {
				BUNDLE_LOADER = "$(TEST_HOST)";
				INFOPLIST_FILE = PetBuddyTests/Resources/Info.generated.plist;
				LD_RUNPATH_SEARCH_PATHS = (
					"$(inherited)",
					"@executable_path/Frameworks",
					"@loader_path/Frameworks",
				);
				PRODUCT_BUNDLE_IDENTIFIER = "com.pxlborn.PetBuddy-Tests";
				SDKROOT = iphoneos;
				TARGETED_DEVICE_FAMILY = "1,2";
			};
			name = Release;
		};
		2434B1FE5B931D399F6F7CD3 /* Debug */ = {
			isa = XCBuildConfiguration;
			buildSettings = {
				BUNDLE_LOADER = "$(TEST_HOST)";
				INFOPLIST_FILE = PetBuddyTests/Resources/Info.generated.plist;
				LD_RUNPATH_SEARCH_PATHS = (
					"$(inherited)",
					"@executable_path/Frameworks",
					"@loader_path/Frameworks",
				);
				PRODUCT_BUNDLE_IDENTIFIER = "com.pxlborn.PetBuddy-Tests";
				SDKROOT = iphoneos;
				TARGETED_DEVICE_FAMILY = "1,2";
			};
			name = Debug;
		};
		4CA67A9C430DFB25FEDFB73E /* Release */ = {
			isa = XCBuildConfiguration;
			buildSettings = {
				ASSETCATALOG_COMPILER_APPICON_NAME = AppIcon;
				CODE_SIGN_IDENTITY = "iPhone Developer";
				DEVELOPMENT_TEAM = F6N6BU583P;
				INFOPLIST_FILE = PetBuddy/Resources/Info.generated.plist;
				LD_RUNPATH_SEARCH_PATHS = (
					"$(inherited)",
					"@executable_path/Frameworks",
				);
				PRODUCT_BUNDLE_IDENTIFIER = com.pxlborn.PetBuddy;
				SDKROOT = iphoneos;
				TARGETED_DEVICE_FAMILY = "1,2";
			};
			name = Release;
		};
		6994CC0D2E0D1AECA712779B /* Release */ = {
			isa = XCBuildConfiguration;
			buildSettings = {
				ALWAYS_SEARCH_USER_PATHS = NO;
				CLANG_ANALYZER_NONNULL = YES;
				CLANG_ANALYZER_NUMBER_OBJECT_CONVERSION = YES_AGGRESSIVE;
				CLANG_CXX_LANGUAGE_STANDARD = "gnu++14";
				CLANG_CXX_LIBRARY = "libc++";
				CLANG_ENABLE_MODULES = YES;
				CLANG_ENABLE_OBJC_ARC = YES;
				CLANG_ENABLE_OBJC_WEAK = YES;
				CLANG_WARN_BLOCK_CAPTURE_AUTORELEASING = YES;
				CLANG_WARN_BOOL_CONVERSION = YES;
				CLANG_WARN_COMMA = YES;
				CLANG_WARN_CONSTANT_CONVERSION = YES;
				CLANG_WARN_DEPRECATED_OBJC_IMPLEMENTATIONS = YES;
				CLANG_WARN_DIRECT_OBJC_ISA_USAGE = YES_ERROR;
				CLANG_WARN_DOCUMENTATION_COMMENTS = YES;
				CLANG_WARN_EMPTY_BODY = YES;
				CLANG_WARN_ENUM_CONVERSION = YES;
				CLANG_WARN_INFINITE_RECURSION = YES;
				CLANG_WARN_INT_CONVERSION = YES;
				CLANG_WARN_NON_LITERAL_NULL_CONVERSION = YES;
				CLANG_WARN_OBJC_IMPLICIT_RETAIN_SELF = YES;
				CLANG_WARN_OBJC_LITERAL_CONVERSION = YES;
				CLANG_WARN_OBJC_ROOT_CLASS = YES_ERROR;
				CLANG_WARN_QUOTED_INCLUDE_IN_FRAMEWORK_HEADER = YES;
				CLANG_WARN_RANGE_LOOP_ANALYSIS = YES;
				CLANG_WARN_STRICT_PROTOTYPES = YES;
				CLANG_WARN_SUSPICIOUS_MOVE = YES;
				CLANG_WARN_UNGUARDED_AVAILABILITY = YES_AGGRESSIVE;
				CLANG_WARN_UNREACHABLE_CODE = YES;
				CLANG_WARN__DUPLICATE_METHOD_MATCH = YES;
				COPY_PHASE_STRIP = NO;
				DEBUG_INFORMATION_FORMAT = "dwarf-with-dsym";
				ENABLE_NS_ASSERTIONS = NO;
				ENABLE_STRICT_OBJC_MSGSEND = YES;
				GCC_C_LANGUAGE_STANDARD = gnu11;
				GCC_NO_COMMON_BLOCKS = YES;
				GCC_WARN_64_TO_32_BIT_CONVERSION = YES;
				GCC_WARN_ABOUT_RETURN_TYPE = YES_ERROR;
				GCC_WARN_UNDECLARED_SELECTOR = YES;
				GCC_WARN_UNINITIALIZED_AUTOS = YES_AGGRESSIVE;
				GCC_WARN_UNUSED_FUNCTION = YES;
				GCC_WARN_UNUSED_VARIABLE = YES;
				IPHONEOS_DEPLOYMENT_TARGET = 16.2;
				MTL_ENABLE_DEBUG_INFO = NO;
				MTL_FAST_MATH = YES;
				PRODUCT_NAME = "$(TARGET_NAME)";
				SDKROOT = iphoneos;
				SWIFT_COMPILATION_MODE = wholemodule;
				SWIFT_OPTIMIZATION_LEVEL = "-O";
				SWIFT_VERSION = 5.0;
			};
			name = Release;
		};
		7B7F76A4C4378A37DF3D4B58 /* Debug */ = {
			isa = XCBuildConfiguration;
			buildSettings = {
				ALWAYS_SEARCH_USER_PATHS = NO;
				CLANG_ANALYZER_NONNULL = YES;
				CLANG_ANALYZER_NUMBER_OBJECT_CONVERSION = YES_AGGRESSIVE;
				CLANG_CXX_LANGUAGE_STANDARD = "gnu++14";
				CLANG_CXX_LIBRARY = "libc++";
				CLANG_ENABLE_MODULES = YES;
				CLANG_ENABLE_OBJC_ARC = YES;
				CLANG_ENABLE_OBJC_WEAK = YES;
				CLANG_WARN_BLOCK_CAPTURE_AUTORELEASING = YES;
				CLANG_WARN_BOOL_CONVERSION = YES;
				CLANG_WARN_COMMA = YES;
				CLANG_WARN_CONSTANT_CONVERSION = YES;
				CLANG_WARN_DEPRECATED_OBJC_IMPLEMENTATIONS = YES;
				CLANG_WARN_DIRECT_OBJC_ISA_USAGE = YES_ERROR;
				CLANG_WARN_DOCUMENTATION_COMMENTS = YES;
				CLANG_WARN_EMPTY_BODY = YES;
				CLANG_WARN_ENUM_CONVERSION = YES;
				CLANG_WARN_INFINITE_RECURSION = YES;
				CLANG_WARN_INT_CONVERSION = YES;
				CLANG_WARN_NON_LITERAL_NULL_CONVERSION = YES;
				CLANG_WARN_OBJC_IMPLICIT_RETAIN_SELF = YES;
				CLANG_WARN_OBJC_LITERAL_CONVERSION = YES;
				CLANG_WARN_OBJC_ROOT_CLASS = YES_ERROR;
				CLANG_WARN_QUOTED_INCLUDE_IN_FRAMEWORK_HEADER = YES;
				CLANG_WARN_RANGE_LOOP_ANALYSIS = YES;
				CLANG_WARN_STRICT_PROTOTYPES = YES;
				CLANG_WARN_SUSPICIOUS_MOVE = YES;
				CLANG_WARN_UNGUARDED_AVAILABILITY = YES_AGGRESSIVE;
				CLANG_WARN_UNREACHABLE_CODE = YES;
				CLANG_WARN__DUPLICATE_METHOD_MATCH = YES;
				COPY_PHASE_STRIP = NO;
				DEBUG_INFORMATION_FORMAT = dwarf;
				ENABLE_STRICT_OBJC_MSGSEND = YES;
				ENABLE_TESTABILITY = YES;
				GCC_C_LANGUAGE_STANDARD = gnu11;
				GCC_DYNAMIC_NO_PIC = NO;
				GCC_NO_COMMON_BLOCKS = YES;
				GCC_OPTIMIZATION_LEVEL = 0;
				GCC_PREPROCESSOR_DEFINITIONS = (
					"$(inherited)",
					"DEBUG=1",
				);
				GCC_WARN_64_TO_32_BIT_CONVERSION = YES;
				GCC_WARN_ABOUT_RETURN_TYPE = YES_ERROR;
				GCC_WARN_UNDECLARED_SELECTOR = YES;
				GCC_WARN_UNINITIALIZED_AUTOS = YES_AGGRESSIVE;
				GCC_WARN_UNUSED_FUNCTION = YES;
				GCC_WARN_UNUSED_VARIABLE = YES;
				IPHONEOS_DEPLOYMENT_TARGET = 16.2;
				MTL_ENABLE_DEBUG_INFO = INCLUDE_SOURCE;
				MTL_FAST_MATH = YES;
				ONLY_ACTIVE_ARCH = YES;
				PRODUCT_NAME = "$(TARGET_NAME)";
				SDKROOT = iphoneos;
				SWIFT_ACTIVE_COMPILATION_CONDITIONS = DEBUG;
				SWIFT_OPTIMIZATION_LEVEL = "-Onone";
				SWIFT_VERSION = 5.0;
			};
			name = Debug;
		};
		EC6886BCB123B0E2666C4A46 /* Debug */ = {
			isa = XCBuildConfiguration;
			buildSettings = {
				ASSETCATALOG_COMPILER_APPICON_NAME = AppIcon;
				CODE_SIGN_IDENTITY = "iPhone Developer";
				DEVELOPMENT_TEAM = F6N6BU583P;
				INFOPLIST_FILE = PetBuddy/Resources/Info.generated.plist;
				LD_RUNPATH_SEARCH_PATHS = (
					"$(inherited)",
					"@executable_path/Frameworks",
				);
				PRODUCT_BUNDLE_IDENTIFIER = com.pxlborn.PetBuddy;
				SDKROOT = iphoneos;
				TARGETED_DEVICE_FAMILY = "1,2";
			};
			name = Debug;
		};
/* End XCBuildConfiguration section */

/* Begin XCConfigurationList section */
		3B1144E24FFBBA7B6FF14524 /* Build configuration list for PBXNativeTarget "PetBuddy-Tests" */ = {
			isa = XCConfigurationList;
			buildConfigurations = (
				2434B1FE5B931D399F6F7CD3 /* Debug */,
				1495B571D5E3D8FE61D48F35 /* Release */,
			);
			defaultConfigurationIsVisible = 0;
			defaultConfigurationName = Debug;
		};
		D72E91DA1473597038999DA6 /* Build configuration list for PBXNativeTarget "PetBuddy" */ = {
			isa = XCConfigurationList;
			buildConfigurations = (
				EC6886BCB123B0E2666C4A46 /* Debug */,
				4CA67A9C430DFB25FEDFB73E /* Release */,
			);
			defaultConfigurationIsVisible = 0;
			defaultConfigurationName = Debug;
		};
		EA732A533DCC7C9FFFA1E5F6 /* Build configuration list for PBXProject "PetBuddy" */ = {
			isa = XCConfigurationList;
			buildConfigurations = (
				7B7F76A4C4378A37DF3D4B58 /* Debug */,
				6994CC0D2E0D1AECA712779B /* Release */,
			);
			defaultConfigurationIsVisible = 0;
			defaultConfigurationName = Debug;
		};
/* End XCConfigurationList section */

/* Begin XCRemoteSwiftPackageReference section */
		072498221BB72DF954E9383E /* XCRemoteSwiftPackageReference "realm-core" */ = {
			isa = XCRemoteSwiftPackageReference;
			repositoryURL = "https://github.com/realm/realm-core.git";
			requirement = {
				kind = upToNextMajorVersion;
				minimumVersion = 13.17.1;
			};
		};
		448A2B51695EDCB9BB04B769 /* XCRemoteSwiftPackageReference "Drops" */ = {
			isa = XCRemoteSwiftPackageReference;
			repositoryURL = "https://github.com/omaralbeik/Drops.git";
			requirement = {
				kind = upToNextMajorVersion;
				minimumVersion = 1.6.1;
			};
		};
		6104D79C53BED28DEB1B09C0 /* XCRemoteSwiftPackageReference "realm-swift" */ = {
			isa = XCRemoteSwiftPackageReference;
			repositoryURL = "https://github.com/realm/realm-swift.git";
			requirement = {
				kind = upToNextMajorVersion;
				minimumVersion = 10.42.0;
			};
		};
/* End XCRemoteSwiftPackageReference section */

/* Begin XCSwiftPackageProductDependency section */
		555FB82AACC8D59C8652CA9C /* RealmSwift */ = {
			isa = XCSwiftPackageProductDependency;
			package = 6104D79C53BED28DEB1B09C0 /* XCRemoteSwiftPackageReference "realm-swift" */;
			productName = RealmSwift;
		};
		6279F9475ABA106599C8D9A9 /* Drops */ = {
			isa = XCSwiftPackageProductDependency;
			package = 448A2B51695EDCB9BB04B769 /* XCRemoteSwiftPackageReference "Drops" */;
			productName = Drops;
		};
		75AA0AEEC56DA826DB301C5C /* Realm */ = {
			isa = XCSwiftPackageProductDependency;
			package = 072498221BB72DF954E9383E /* XCRemoteSwiftPackageReference "realm-core" */;
			productName = Realm;
		};
/* End XCSwiftPackageProductDependency section */
	};
	rootObject = 1AB3FDA43C63F99D5B5D1E79 /* Project object */;
}
