// !$*UTF8*$!
{
	archiveVersion = 1;
	classes = {
	};
	objectVersion = 52;
	objects = {

/* Begin PBXBuildFile section */
		0185AC7DED4CE0312EFB79F6 /* FoodLogCoordinator.swift in Sources */ = {isa = PBXBuildFile; fileRef = ECADCFF81EB027BBB325C286 /* FoodLogCoordinator.swift */; };
		092A984BD3AB4A95AA7213AB /* CustomAppTab.swift in Sources */ = {isa = PBXBuildFile; fileRef = 55820D5280DE3D68133F4088 /* CustomAppTab.swift */; };
		10896CA29E95C2BFFE3C0803 /* CustomTabView.swift in Sources */ = {isa = PBXBuildFile; fileRef = 2E9E0C92DF67D6E82C245283 /* CustomTabView.swift */; };
		11F67F235502236B4F59F57E /* FoodCheckerView.swift in Sources */ = {isa = PBXBuildFile; fileRef = BE80FB374CFE9A66A90E8484 /* FoodCheckerView.swift */; };
		12F350C929DDD1F9BD2E7CED /* Preview Assets.xcassets in Resources */ = {isa = PBXBuildFile; fileRef = F8676D4CDD3889AF8E0A5C7A /* Preview Assets.xcassets */; };
		173729F6A2ADCC36F92E08EB /* HealthBookView.swift in Sources */ = {isa = PBXBuildFile; fileRef = 01DBA177230E11C04EB75EE7 /* HealthBookView.swift */; };
		1C0FA20575CD842B6BD3EC12 /* Click.mp3 in Resources */ = {isa = PBXBuildFile; fileRef = B35524D3BDEBB8FD8759DDA1 /* Click.mp3 */; };
		2BE8A4D9E868B16AF756962B /* ClickerView.swift in Sources */ = {isa = PBXBuildFile; fileRef = 78061A1B47DE45F294139F17 /* ClickerView.swift */; };
		30A3D33408EA9F8981E66DDE /* HomeView.swift in Sources */ = {isa = PBXBuildFile; fileRef = 8364DC5A74CDB1B9A96748A0 /* HomeView.swift */; };
		328205ACAB8FBEA95D1F711F /* ProfileCoordinator.swift in Sources */ = {isa = PBXBuildFile; fileRef = 1D9682E3571BB00BD7E560AF /* ProfileCoordinator.swift */; };
		35C1E976D80A9F23860C1033 /* MainCoordinator.swift in Sources */ = {isa = PBXBuildFile; fileRef = DADE346AFB9712AE524BB1E8 /* MainCoordinator.swift */; };
		3EDE6B0707F1CA1F6E600140 /* HomeViewModel.swift in Sources */ = {isa = PBXBuildFile; fileRef = BF2BBCF01770C4AA40CA271C /* HomeViewModel.swift */; };
		428657B572F958C0CA5EBF6C /* ProfileCoordinatorView.swift in Sources */ = {isa = PBXBuildFile; fileRef = 7ECDDFED0611D20205E3AA28 /* ProfileCoordinatorView.swift */; };
		431A6054A0CD97E79BFC9C57 /* FoodLogViewModel.swift in Sources */ = {isa = PBXBuildFile; fileRef = 7DB09AB850F7A38722CBCBBE /* FoodLogViewModel.swift */; };
		48BDCCA0C0804F116C7B4B16 /* FoodLogCoordinatorView.swift in Sources */ = {isa = PBXBuildFile; fileRef = 5D5E790326FB357AA29BDE36 /* FoodLogCoordinatorView.swift */; };
		5204A07EAA2627EEE36F8D5B /* HomeCoordinatorView.swift in Sources */ = {isa = PBXBuildFile; fileRef = B2BD48E33DEB4A1A0B3266D8 /* HomeCoordinatorView.swift */; };
		62E5979759AB0EBF0F9DCF77 /* HealthBookViewModel.swift in Sources */ = {isa = PBXBuildFile; fileRef = 13C4904D6BCEB4130B7F67EC /* HealthBookViewModel.swift */; };
		66D3F85429F8472F00106A4B /* FoodCheckerCoordinatorView.swift in Sources */ = {isa = PBXBuildFile; fileRef = 66D3F85329F8472F00106A4B /* FoodCheckerCoordinatorView.swift */; };
		66D3F85629F8476400106A4B /* FoodCheckerCoordinator.swift in Sources */ = {isa = PBXBuildFile; fileRef = 66D3F85529F8476400106A4B /* FoodCheckerCoordinator.swift */; };
		66D3F85A29F847CD00106A4B /* FoodCheckerViewModel.swift in Sources */ = {isa = PBXBuildFile; fileRef = 66D3F85929F847CD00106A4B /* FoodCheckerViewModel.swift */; };
		6AFB8635C57A8174CF648815 /* PetBuddyApp.swift in Sources */ = {isa = PBXBuildFile; fileRef = E4027E9DE58E225277E47F77 /* PetBuddyApp.swift */; };
		6D397DED611B90FD4170DE0F /* CustomTabItemView.swift in Sources */ = {isa = PBXBuildFile; fileRef = BEE420B76FE618F4E181C721 /* CustomTabItemView.swift */; };
		6F188D53FF1591F393CEECE3 /* HealthBookCoordinatorView.swift in Sources */ = {isa = PBXBuildFile; fileRef = 950852FEADDC1C5CA3F07FCB /* HealthBookCoordinatorView.swift */; };
		6F2C6377920ADE6C342B41BA /* FoodCheckerCardView.swift in Sources */ = {isa = PBXBuildFile; fileRef = 81C76021F88FCE60CC830B1E /* FoodCheckerCardView.swift */; };
		74A2711FBC43D29D68B69684 /* MPView.swift in Sources */ = {isa = PBXBuildFile; fileRef = ED1E8FE86B2056AC87CAF04D /* MPView.swift */; };
		8483E04748CDC8B0D963B4F5 /* HealthBookCoordinator.swift in Sources */ = {isa = PBXBuildFile; fileRef = 1E8F490044A1DD5C5AE6C8D3 /* HealthBookCoordinator.swift */; };
		9D4B13B3D377E8F7F1EC093A /* ClickerCoordinator.swift in Sources */ = {isa = PBXBuildFile; fileRef = 3FBE95342CE684FE1BAA1535 /* ClickerCoordinator.swift */; };
		A3816627CBFBFCD88B4D2A49 /* Drops in Frameworks */ = {isa = PBXBuildFile; productRef = 0A277778A4AFB44A00539959 /* Drops */; };
		A43510235B860FF896D5ED43 /* CustomTabBottomView.swift in Sources */ = {isa = PBXBuildFile; fileRef = BA1D9B5D825C8540D69FEBC3 /* CustomTabBottomView.swift */; };
		A6ECFB5CC0C9D9A38E445F74 /* FoodLogView.swift in Sources */ = {isa = PBXBuildFile; fileRef = 072ADDCA79982AC025354C89 /* FoodLogView.swift */; };
		AA9B2FC705D25B297B32189E /* PetBuddyTests.swift in Sources */ = {isa = PBXBuildFile; fileRef = C7436651686417965A273AE7 /* PetBuddyTests.swift */; };
		AB664DC9A0B86A7E82CBEACA /* CustomTabItemData.swift in Sources */ = {isa = PBXBuildFile; fileRef = 8F2CBE12167038FF5795678D /* CustomTabItemData.swift */; };
		B40A9D7C567912C010B3E91C /* HomeCoordinator.swift in Sources */ = {isa = PBXBuildFile; fileRef = 156189B4902A739BBF12D7FE /* HomeCoordinator.swift */; };
		B877ED2BD510A4DA54BE811B /* MainCoordinatorView.swift in Sources */ = {isa = PBXBuildFile; fileRef = 1E83AB4AC7F61E4F02DFB5B2 /* MainCoordinatorView.swift */; };
		CC05EA2E96976D7C18870548 /* ProfileViewModel.swift in Sources */ = {isa = PBXBuildFile; fileRef = 3FFA9CFF02E4DEC6161A9CBB /* ProfileViewModel.swift */; };
		D0C7AC3E6DF77CE5CC35B22D /* Assets.xcassets in Resources */ = {isa = PBXBuildFile; fileRef = AD6F29BBFCA6884FFAB1A539 /* Assets.xcassets */; };
		D141BD86086B0619C5457CF7 /* ClickerCoordinatorView.swift in Sources */ = {isa = PBXBuildFile; fileRef = 8E458978BD2EAB1E1C83FF29 /* ClickerCoordinatorView.swift */; };
		D3B8DF6214AC90A17D5ADDDA /* ProfileView.swift in Sources */ = {isa = PBXBuildFile; fileRef = C2A15E2B8716A9D2A20B67EA /* ProfileView.swift */; };
		DAFF9C35F2BB2738F6DFA01F /* VolumeObserver.swift in Sources */ = {isa = PBXBuildFile; fileRef = 6E7FED8C0EA5B56143C5D39A /* VolumeObserver.swift */; };
		EB1211283C5CD64CF9689AF7 /* MPVolumeView+.swift in Sources */ = {isa = PBXBuildFile; fileRef = 8E772EDE4ACB25AAD11A554A /* MPVolumeView+.swift */; };
		FEA64994B23126EE200470C5 /* ClickerViewModel.swift in Sources */ = {isa = PBXBuildFile; fileRef = A6CA4D0E1D164209620C1FBB /* ClickerViewModel.swift */; };
/* End PBXBuildFile section */

/* Begin PBXFileReference section */
		01DBA177230E11C04EB75EE7 /* HealthBookView.swift */ = {isa = PBXFileReference; lastKnownFileType = sourcecode.swift; path = HealthBookView.swift; sourceTree = "<group>"; };
		072ADDCA79982AC025354C89 /* FoodLogView.swift */ = {isa = PBXFileReference; lastKnownFileType = sourcecode.swift; path = FoodLogView.swift; sourceTree = "<group>"; };
		13C4904D6BCEB4130B7F67EC /* HealthBookViewModel.swift */ = {isa = PBXFileReference; lastKnownFileType = sourcecode.swift; path = HealthBookViewModel.swift; sourceTree = "<group>"; };
		156189B4902A739BBF12D7FE /* HomeCoordinator.swift */ = {isa = PBXFileReference; lastKnownFileType = sourcecode.swift; path = HomeCoordinator.swift; sourceTree = "<group>"; };
		1D9682E3571BB00BD7E560AF /* ProfileCoordinator.swift */ = {isa = PBXFileReference; lastKnownFileType = sourcecode.swift; path = ProfileCoordinator.swift; sourceTree = "<group>"; };
		1E83AB4AC7F61E4F02DFB5B2 /* MainCoordinatorView.swift */ = {isa = PBXFileReference; lastKnownFileType = sourcecode.swift; path = MainCoordinatorView.swift; sourceTree = "<group>"; };
		1E8F490044A1DD5C5AE6C8D3 /* HealthBookCoordinator.swift */ = {isa = PBXFileReference; lastKnownFileType = sourcecode.swift; path = HealthBookCoordinator.swift; sourceTree = "<group>"; };
		2E9E0C92DF67D6E82C245283 /* CustomTabView.swift */ = {isa = PBXFileReference; lastKnownFileType = sourcecode.swift; path = CustomTabView.swift; sourceTree = "<group>"; };
		3FBE95342CE684FE1BAA1535 /* ClickerCoordinator.swift */ = {isa = PBXFileReference; lastKnownFileType = sourcecode.swift; path = ClickerCoordinator.swift; sourceTree = "<group>"; };
		3FFA9CFF02E4DEC6161A9CBB /* ProfileViewModel.swift */ = {isa = PBXFileReference; lastKnownFileType = sourcecode.swift; path = ProfileViewModel.swift; sourceTree = "<group>"; };
		41EEAA99C124CDAA3CCF0C4E /* PetBuddy-iOS.app */ = {isa = PBXFileReference; includeInIndex = 0; lastKnownFileType = wrapper.application; path = "PetBuddy-iOS.app"; sourceTree = BUILT_PRODUCTS_DIR; };
		55820D5280DE3D68133F4088 /* CustomAppTab.swift */ = {isa = PBXFileReference; lastKnownFileType = sourcecode.swift; path = CustomAppTab.swift; sourceTree = "<group>"; };
		5D5E790326FB357AA29BDE36 /* FoodLogCoordinatorView.swift */ = {isa = PBXFileReference; lastKnownFileType = sourcecode.swift; path = FoodLogCoordinatorView.swift; sourceTree = "<group>"; };
		66D3F85329F8472F00106A4B /* FoodCheckerCoordinatorView.swift */ = {isa = PBXFileReference; lastKnownFileType = sourcecode.swift; path = FoodCheckerCoordinatorView.swift; sourceTree = "<group>"; };
		66D3F85529F8476400106A4B /* FoodCheckerCoordinator.swift */ = {isa = PBXFileReference; lastKnownFileType = sourcecode.swift; path = FoodCheckerCoordinator.swift; sourceTree = "<group>"; };
		66D3F85929F847CD00106A4B /* FoodCheckerViewModel.swift */ = {isa = PBXFileReference; lastKnownFileType = sourcecode.swift; path = FoodCheckerViewModel.swift; sourceTree = "<group>"; };
		6E7FED8C0EA5B56143C5D39A /* VolumeObserver.swift */ = {isa = PBXFileReference; lastKnownFileType = sourcecode.swift; path = VolumeObserver.swift; sourceTree = "<group>"; };
		6FF4476468D5330F910BCC94 /* Info.generated.plist */ = {isa = PBXFileReference; lastKnownFileType = text.plist; path = Info.generated.plist; sourceTree = "<group>"; };
		78061A1B47DE45F294139F17 /* ClickerView.swift */ = {isa = PBXFileReference; lastKnownFileType = sourcecode.swift; path = ClickerView.swift; sourceTree = "<group>"; };
		7DB09AB850F7A38722CBCBBE /* FoodLogViewModel.swift */ = {isa = PBXFileReference; lastKnownFileType = sourcecode.swift; path = FoodLogViewModel.swift; sourceTree = "<group>"; };
		7ECDDFED0611D20205E3AA28 /* ProfileCoordinatorView.swift */ = {isa = PBXFileReference; lastKnownFileType = sourcecode.swift; path = ProfileCoordinatorView.swift; sourceTree = "<group>"; };
		81C76021F88FCE60CC830B1E /* FoodCheckerCardView.swift */ = {isa = PBXFileReference; lastKnownFileType = sourcecode.swift; path = FoodCheckerCardView.swift; sourceTree = "<group>"; };
		8341C8BBAE52594229A293EC /* PetBuddy-Tests.xctest */ = {isa = PBXFileReference; includeInIndex = 0; lastKnownFileType = wrapper.cfbundle; path = "PetBuddy-Tests.xctest"; sourceTree = BUILT_PRODUCTS_DIR; };
		8364DC5A74CDB1B9A96748A0 /* HomeView.swift */ = {isa = PBXFileReference; lastKnownFileType = sourcecode.swift; path = HomeView.swift; sourceTree = "<group>"; };
		8E458978BD2EAB1E1C83FF29 /* ClickerCoordinatorView.swift */ = {isa = PBXFileReference; lastKnownFileType = sourcecode.swift; path = ClickerCoordinatorView.swift; sourceTree = "<group>"; };
		8E772EDE4ACB25AAD11A554A /* MPVolumeView+.swift */ = {isa = PBXFileReference; lastKnownFileType = sourcecode.swift; path = "MPVolumeView+.swift"; sourceTree = "<group>"; };
		8F2CBE12167038FF5795678D /* CustomTabItemData.swift */ = {isa = PBXFileReference; lastKnownFileType = sourcecode.swift; path = CustomTabItemData.swift; sourceTree = "<group>"; };
		950852FEADDC1C5CA3F07FCB /* HealthBookCoordinatorView.swift */ = {isa = PBXFileReference; lastKnownFileType = sourcecode.swift; path = HealthBookCoordinatorView.swift; sourceTree = "<group>"; };
		A6CA4D0E1D164209620C1FBB /* ClickerViewModel.swift */ = {isa = PBXFileReference; lastKnownFileType = sourcecode.swift; path = ClickerViewModel.swift; sourceTree = "<group>"; };
		AD6F29BBFCA6884FFAB1A539 /* Assets.xcassets */ = {isa = PBXFileReference; lastKnownFileType = folder.assetcatalog; path = Assets.xcassets; sourceTree = "<group>"; };
		AE59393451BBCB54715C066C /* Info.generated.plist */ = {isa = PBXFileReference; lastKnownFileType = text.plist; path = Info.generated.plist; sourceTree = "<group>"; };
		B2BD48E33DEB4A1A0B3266D8 /* HomeCoordinatorView.swift */ = {isa = PBXFileReference; lastKnownFileType = sourcecode.swift; path = HomeCoordinatorView.swift; sourceTree = "<group>"; };
		B35524D3BDEBB8FD8759DDA1 /* Click.mp3 */ = {isa = PBXFileReference; lastKnownFileType = audio.mp3; path = Click.mp3; sourceTree = "<group>"; };
		BA1D9B5D825C8540D69FEBC3 /* CustomTabBottomView.swift */ = {isa = PBXFileReference; lastKnownFileType = sourcecode.swift; path = CustomTabBottomView.swift; sourceTree = "<group>"; };
		BE80FB374CFE9A66A90E8484 /* FoodCheckerView.swift */ = {isa = PBXFileReference; lastKnownFileType = sourcecode.swift; path = FoodCheckerView.swift; sourceTree = "<group>"; };
		BEE420B76FE618F4E181C721 /* CustomTabItemView.swift */ = {isa = PBXFileReference; lastKnownFileType = sourcecode.swift; path = CustomTabItemView.swift; sourceTree = "<group>"; };
		BF2BBCF01770C4AA40CA271C /* HomeViewModel.swift */ = {isa = PBXFileReference; lastKnownFileType = sourcecode.swift; path = HomeViewModel.swift; sourceTree = "<group>"; };
		C2A15E2B8716A9D2A20B67EA /* ProfileView.swift */ = {isa = PBXFileReference; lastKnownFileType = sourcecode.swift; path = ProfileView.swift; sourceTree = "<group>"; };
		C7436651686417965A273AE7 /* PetBuddyTests.swift */ = {isa = PBXFileReference; lastKnownFileType = sourcecode.swift; path = PetBuddyTests.swift; sourceTree = "<group>"; };
		DADE346AFB9712AE524BB1E8 /* MainCoordinator.swift */ = {isa = PBXFileReference; lastKnownFileType = sourcecode.swift; path = MainCoordinator.swift; sourceTree = "<group>"; };
		E4027E9DE58E225277E47F77 /* PetBuddyApp.swift */ = {isa = PBXFileReference; lastKnownFileType = sourcecode.swift; path = PetBuddyApp.swift; sourceTree = "<group>"; };
		ECADCFF81EB027BBB325C286 /* FoodLogCoordinator.swift */ = {isa = PBXFileReference; lastKnownFileType = sourcecode.swift; path = FoodLogCoordinator.swift; sourceTree = "<group>"; };
		ED1E8FE86B2056AC87CAF04D /* MPView.swift */ = {isa = PBXFileReference; lastKnownFileType = sourcecode.swift; path = MPView.swift; sourceTree = "<group>"; };
		F8676D4CDD3889AF8E0A5C7A /* Preview Assets.xcassets */ = {isa = PBXFileReference; lastKnownFileType = folder.assetcatalog; path = "Preview Assets.xcassets"; sourceTree = "<group>"; };
/* End PBXFileReference section */

/* Begin PBXFrameworksBuildPhase section */
		0F5A8A577CD0E509654EF5C7 /* Frameworks */ = {
			isa = PBXFrameworksBuildPhase;
			buildActionMask = 2147483647;
			files = (
				A3816627CBFBFCD88B4D2A49 /* Drops in Frameworks */,
			);
			runOnlyForDeploymentPostprocessing = 0;
		};
/* End PBXFrameworksBuildPhase section */

/* Begin PBXGroup section */
		0025ED92A901044D3B0C261D /* View */ = {
			isa = PBXGroup;
			children = (
				01DBA177230E11C04EB75EE7 /* HealthBookView.swift */,
			);
			path = View;
			sourceTree = "<group>";
		};
		01A6B9D63300FC57B7AA47DF /* CustomTabView */ = {
			isa = PBXGroup;
			children = (
				55820D5280DE3D68133F4088 /* CustomAppTab.swift */,
				BA1D9B5D825C8540D69FEBC3 /* CustomTabBottomView.swift */,
				8F2CBE12167038FF5795678D /* CustomTabItemData.swift */,
				BEE420B76FE618F4E181C721 /* CustomTabItemView.swift */,
				2E9E0C92DF67D6E82C245283 /* CustomTabView.swift */,
			);
			path = CustomTabView;
			sourceTree = "<group>";
		};
		0A5D13205E349A743F8D246B /* Products */ = {
			isa = PBXGroup;
			children = (
				41EEAA99C124CDAA3CCF0C4E /* PetBuddy-iOS.app */,
				8341C8BBAE52594229A293EC /* PetBuddy-Tests.xctest */,
			);
			name = Products;
			sourceTree = "<group>";
		};
		0E675FE68B29BA34E73315BF /* PetBuddyTests */ = {
			isa = PBXGroup;
			children = (
				C7436651686417965A273AE7 /* PetBuddyTests.swift */,
				4A9FDFA655907BD4517A4303 /* Resources */,
			);
			path = PetBuddyTests;
			sourceTree = "<group>";
		};
		0E6931B2A9DF01BF2B56FFB3 /* Resources */ = {
			isa = PBXGroup;
			children = (
				B35524D3BDEBB8FD8759DDA1 /* Click.mp3 */,
				AE59393451BBCB54715C066C /* Info.generated.plist */,
			);
			path = Resources;
			sourceTree = "<group>";
		};
		149421028D350EE19771CAE3 /* ViewModel */ = {
			isa = PBXGroup;
			children = (
				3FFA9CFF02E4DEC6161A9CBB /* ProfileViewModel.swift */,
			);
			path = ViewModel;
			sourceTree = "<group>";
		};
		156250E938919EEF6C0B715E /* Extensions */ = {
			isa = PBXGroup;
			children = (
				8E772EDE4ACB25AAD11A554A /* MPVolumeView+.swift */,
			);
			path = Extensions;
			sourceTree = "<group>";
		};
		17DB13154ACC74B1162C25D7 /* Coordinator */ = {
			isa = PBXGroup;
			children = (
				ECADCFF81EB027BBB325C286 /* FoodLogCoordinator.swift */,
				5D5E790326FB357AA29BDE36 /* FoodLogCoordinatorView.swift */,
			);
			path = Coordinator;
			sourceTree = "<group>";
		};
		2EB20E0FD40E29DC5D704410 /* Components */ = {
			isa = PBXGroup;
			children = (
				3FD0A5B9663F75B07550DAFD /* FoodCheckerCard */,
			);
			path = Components;
			sourceTree = "<group>";
		};
		35FDFA52CA6A685545C4C1C6 /* ViewModel */ = {
			isa = PBXGroup;
			children = (
				BF2BBCF01770C4AA40CA271C /* HomeViewModel.swift */,
			);
			path = ViewModel;
			sourceTree = "<group>";
		};
		378E801648179151D218AB59 /* Clicker */ = {
			isa = PBXGroup;
			children = (
				76627B74A392C1BBBBC1D687 /* Coordinator */,
				FEBF8A746E34484B4287B1BA /* View */,
				AB1C1E07BD9FCB2AEFA9F6F1 /* ViewModel */,
			);
			path = Clicker;
			sourceTree = "<group>";
		};
		3D2E5A33C0F04DF8013C633D /* Custom */ = {
			isa = PBXGroup;
			children = (
				01A6B9D63300FC57B7AA47DF /* CustomTabView */,
			);
			path = Custom;
			sourceTree = "<group>";
		};
		3FD0A5B9663F75B07550DAFD /* FoodCheckerCard */ = {
			isa = PBXGroup;
			children = (
				81C76021F88FCE60CC830B1E /* FoodCheckerCardView.swift */,
			);
			path = FoodCheckerCard;
			sourceTree = "<group>";
		};
		4A9FDFA655907BD4517A4303 /* Resources */ = {
			isa = PBXGroup;
			children = (
				6FF4476468D5330F910BCC94 /* Info.generated.plist */,
			);
			path = Resources;
			sourceTree = "<group>";
		};
		58EFD8DB66AD35928BE2F8A4 /* Profile */ = {
			isa = PBXGroup;
			children = (
				E5DF47B04E94E812BE503715 /* Coordinator */,
				5D09ABB9030849604A1A1B9F /* View */,
				149421028D350EE19771CAE3 /* ViewModel */,
			);
			path = Profile;
			sourceTree = "<group>";
		};
		5D09ABB9030849604A1A1B9F /* View */ = {
			isa = PBXGroup;
			children = (
				C2A15E2B8716A9D2A20B67EA /* ProfileView.swift */,
			);
			path = View;
			sourceTree = "<group>";
		};
		60B7F7C2C186EC43B13BAA56 /* Coordinator */ = {
			isa = PBXGroup;
			children = (
				1E8F490044A1DD5C5AE6C8D3 /* HealthBookCoordinator.swift */,
				950852FEADDC1C5CA3F07FCB /* HealthBookCoordinatorView.swift */,
			);
			path = Coordinator;
			sourceTree = "<group>";
		};
		66D3F85729F8479700106A4B /* Coordinator */ = {
			isa = PBXGroup;
			children = (
				66D3F85529F8476400106A4B /* FoodCheckerCoordinator.swift */,
				66D3F85329F8472F00106A4B /* FoodCheckerCoordinatorView.swift */,
			);
			path = Coordinator;
			sourceTree = "<group>";
		};
		66D3F85829F847BA00106A4B /* ViewModel */ = {
			isa = PBXGroup;
			children = (
				66D3F85929F847CD00106A4B /* FoodCheckerViewModel.swift */,
			);
			path = ViewModel;
			sourceTree = "<group>";
		};
		67D747E589C92BCBAA235D52 /* ViewModel */ = {
			isa = PBXGroup;
			children = (
				13C4904D6BCEB4130B7F67EC /* HealthBookViewModel.swift */,
			);
			path = ViewModel;
			sourceTree = "<group>";
		};
		73B9522A80CE958EF484B7F9 /* ViewModel */ = {
			isa = PBXGroup;
			children = (
				7DB09AB850F7A38722CBCBBE /* FoodLogViewModel.swift */,
			);
			path = ViewModel;
			sourceTree = "<group>";
		};
		76627B74A392C1BBBBC1D687 /* Coordinator */ = {
			isa = PBXGroup;
			children = (
				3FBE95342CE684FE1BAA1535 /* ClickerCoordinator.swift */,
				8E458978BD2EAB1E1C83FF29 /* ClickerCoordinatorView.swift */,
			);
			path = Coordinator;
			sourceTree = "<group>";
		};
		7B36CBC2915090595D986483 /* Coordinator */ = {
			isa = PBXGroup;
			children = (
				DADE346AFB9712AE524BB1E8 /* MainCoordinator.swift */,
				1E83AB4AC7F61E4F02DFB5B2 /* MainCoordinatorView.swift */,
			);
			path = Coordinator;
			sourceTree = "<group>";
		};
		7C65A0831892E59A27DA0599 /* Coordinator */ = {
			isa = PBXGroup;
			children = (
				156189B4902A739BBF12D7FE /* HomeCoordinator.swift */,
				B2BD48E33DEB4A1A0B3266D8 /* HomeCoordinatorView.swift */,
			);
			path = Coordinator;
			sourceTree = "<group>";
		};
		87273667DE6E44DFA19C51B7 /* FoodChecker */ = {
			isa = PBXGroup;
			children = (
				66D3F85829F847BA00106A4B /* ViewModel */,
				BE80FB374CFE9A66A90E8484 /* FoodCheckerView.swift */,
				2EB20E0FD40E29DC5D704410 /* Components */,
				66D3F85729F8479700106A4B /* Coordinator */,
			);
			path = FoodChecker;
			sourceTree = "<group>";
		};
		8E80C38F989048FED6CAFF57 /* Module */ = {
			isa = PBXGroup;
			children = (
				378E801648179151D218AB59 /* Clicker */,
				901CC4A8AE9664ED4B19EBD6 /* Food Log */,
				87273667DE6E44DFA19C51B7 /* FoodChecker */,
				968F51124B67960441E53576 /* Health Book */,
				A9A7860658F00CEDE6D2711C /* Home */,
				92D27E1DB5936DE6D559DDC2 /* Main */,
				58EFD8DB66AD35928BE2F8A4 /* Profile */,
			);
			path = Module;
			sourceTree = "<group>";
		};
		901CC4A8AE9664ED4B19EBD6 /* Food Log */ = {
			isa = PBXGroup;
			children = (
				17DB13154ACC74B1162C25D7 /* Coordinator */,
				E7FE7FC41353478131FC428E /* View */,
				73B9522A80CE958EF484B7F9 /* ViewModel */,
			);
			path = "Food Log";
			sourceTree = "<group>";
		};
		92D27E1DB5936DE6D559DDC2 /* Main */ = {
			isa = PBXGroup;
			children = (
				7B36CBC2915090595D986483 /* Coordinator */,
			);
			path = Main;
			sourceTree = "<group>";
		};
		968F51124B67960441E53576 /* Health Book */ = {
			isa = PBXGroup;
			children = (
				60B7F7C2C186EC43B13BAA56 /* Coordinator */,
				0025ED92A901044D3B0C261D /* View */,
				67D747E589C92BCBAA235D52 /* ViewModel */,
			);
			path = "Health Book";
			sourceTree = "<group>";
		};
		A9A7860658F00CEDE6D2711C /* Home */ = {
			isa = PBXGroup;
			children = (
				7C65A0831892E59A27DA0599 /* Coordinator */,
				BB5C62C08B73BC921233FC53 /* View */,
				35FDFA52CA6A685545C4C1C6 /* ViewModel */,
			);
			path = Home;
			sourceTree = "<group>";
		};
		AB1C1E07BD9FCB2AEFA9F6F1 /* ViewModel */ = {
			isa = PBXGroup;
			children = (
				A6CA4D0E1D164209620C1FBB /* ClickerViewModel.swift */,
			);
			path = ViewModel;
			sourceTree = "<group>";
		};
		BB5C62C08B73BC921233FC53 /* View */ = {
			isa = PBXGroup;
			children = (
				8364DC5A74CDB1B9A96748A0 /* HomeView.swift */,
			);
			path = View;
			sourceTree = "<group>";
		};
		CAD0EAB395E2C1BC74CD2BBF /* Preview Content */ = {
			isa = PBXGroup;
			children = (
				F8676D4CDD3889AF8E0A5C7A /* Preview Assets.xcassets */,
			);
			path = "Preview Content";
			sourceTree = "<group>";
		};
		CD0DAAABCFD90E92A46C663F /* PetBuddy */ = {
			isa = PBXGroup;
			children = (
				AD6F29BBFCA6884FFAB1A539 /* Assets.xcassets */,
				E4027E9DE58E225277E47F77 /* PetBuddyApp.swift */,
				3D2E5A33C0F04DF8013C633D /* Custom */,
				156250E938919EEF6C0B715E /* Extensions */,
				8E80C38F989048FED6CAFF57 /* Module */,
				CAD0EAB395E2C1BC74CD2BBF /* Preview Content */,
				0E6931B2A9DF01BF2B56FFB3 /* Resources */,
				EEF7C9A2F257E047405AC6E3 /* Service */,
			);
			path = PetBuddy;
			sourceTree = "<group>";
		};
		E56C68EBC0BBF403A81C6955 = {
			isa = PBXGroup;
			children = (
				CD0DAAABCFD90E92A46C663F /* PetBuddy */,
				0E675FE68B29BA34E73315BF /* PetBuddyTests */,
				0A5D13205E349A743F8D246B /* Products */,
			);
			sourceTree = "<group>";
		};
		E5DF47B04E94E812BE503715 /* Coordinator */ = {
			isa = PBXGroup;
			children = (
				1D9682E3571BB00BD7E560AF /* ProfileCoordinator.swift */,
				7ECDDFED0611D20205E3AA28 /* ProfileCoordinatorView.swift */,
			);
			path = Coordinator;
			sourceTree = "<group>";
		};
		E7FE7FC41353478131FC428E /* View */ = {
			isa = PBXGroup;
			children = (
				072ADDCA79982AC025354C89 /* FoodLogView.swift */,
			);
			path = View;
			sourceTree = "<group>";
		};
		EEF7C9A2F257E047405AC6E3 /* Service */ = {
			isa = PBXGroup;
			children = (
				6E7FED8C0EA5B56143C5D39A /* VolumeObserver.swift */,
			);
			path = Service;
			sourceTree = "<group>";
		};
		FEBF8A746E34484B4287B1BA /* View */ = {
			isa = PBXGroup;
			children = (
				78061A1B47DE45F294139F17 /* ClickerView.swift */,
				ED1E8FE86B2056AC87CAF04D /* MPView.swift */,
			);
			path = View;
			sourceTree = "<group>";
		};
/* End PBXGroup section */

/* Begin PBXNativeTarget section */
		E754BA64539BD1B2E92389BA /* PetBuddy-Tests */ = {
			isa = PBXNativeTarget;
			buildConfigurationList = 3B1144E24FFBBA7B6FF14524 /* Build configuration list for PBXNativeTarget "PetBuddy-Tests" */;
			buildPhases = (
				E2FA8296C897B040128E984D /* Sources */,
			);
			buildRules = (
			);
			dependencies = (
			);
			name = "PetBuddy-Tests";
			productName = "PetBuddy-Tests";
			productReference = 8341C8BBAE52594229A293EC /* PetBuddy-Tests.xctest */;
			productType = "com.apple.product-type.bundle.unit-test";
		};
		E7E1D15251840B9F1E1D578B /* PetBuddy-iOS */ = {
			isa = PBXNativeTarget;
			buildConfigurationList = 58D1973FD2C35235798536C1 /* Build configuration list for PBXNativeTarget "PetBuddy-iOS" */;
			buildPhases = (
				AA226B0718B42F949FC81762 /* SwiftLint */,
				E50FC93930D8018D98807B05 /* Sources */,
				66A50C627C4E4F6356A9C2A3 /* Resources */,
				0F5A8A577CD0E509654EF5C7 /* Frameworks */,
			);
			buildRules = (
			);
			dependencies = (
			);
			name = "PetBuddy-iOS";
			packageProductDependencies = (
				0A277778A4AFB44A00539959 /* Drops */,
			);
			productName = "PetBuddy-iOS";
			productReference = 41EEAA99C124CDAA3CCF0C4E /* PetBuddy-iOS.app */;
			productType = "com.apple.product-type.application";
		};
/* End PBXNativeTarget section */

/* Begin PBXProject section */
		1AB3FDA43C63F99D5B5D1E79 /* Project object */ = {
			isa = PBXProject;
			attributes = {
				LastUpgradeCheck = 1200;
			};
			buildConfigurationList = EA732A533DCC7C9FFFA1E5F6 /* Build configuration list for PBXProject "PetBuddy" */;
			compatibilityVersion = "Xcode 10.0";
			developmentRegion = en;
			hasScannedForEncodings = 0;
			knownRegions = (
				Base,
				en,
			);
			mainGroup = E56C68EBC0BBF403A81C6955;
			packageReferences = (
				448A2B51695EDCB9BB04B769 /* XCRemoteSwiftPackageReference "Drops" */,
			);
			projectDirPath = "";
			projectRoot = "";
			targets = (
				E754BA64539BD1B2E92389BA /* PetBuddy-Tests */,
				E7E1D15251840B9F1E1D578B /* PetBuddy-iOS */,
			);
		};
/* End PBXProject section */

/* Begin PBXResourcesBuildPhase section */
		66A50C627C4E4F6356A9C2A3 /* Resources */ = {
			isa = PBXResourcesBuildPhase;
			buildActionMask = 2147483647;
			files = (
				D0C7AC3E6DF77CE5CC35B22D /* Assets.xcassets in Resources */,
				1C0FA20575CD842B6BD3EC12 /* Click.mp3 in Resources */,
				12F350C929DDD1F9BD2E7CED /* Preview Assets.xcassets in Resources */,
			);
			runOnlyForDeploymentPostprocessing = 0;
		};
/* End PBXResourcesBuildPhase section */

/* Begin PBXShellScriptBuildPhase section */
		AA226B0718B42F949FC81762 /* SwiftLint */ = {
			isa = PBXShellScriptBuildPhase;
			buildActionMask = 2147483647;
			files = (
			);
			inputFileListPaths = (
			);
			inputPaths = (
			);
			name = SwiftLint;
			outputFileListPaths = (
			);
			outputPaths = (
				"$(DERIVED_FILE_DIR)/swiftlint-output",
			);
			runOnlyForDeploymentPostprocessing = 0;
			shellPath = /bin/sh;
			shellScript = "export PATH=\"$PATH:/opt/homebrew/bin\"\nif which swiftlint > /dev/null; then\n  swiftlint\nelse\n  echo \"warning: SwiftLint not installed, download from https://github.com/realm/SwiftLint\"\nfi\n";
		};
/* End PBXShellScriptBuildPhase section */

/* Begin PBXSourcesBuildPhase section */
		E2FA8296C897B040128E984D /* Sources */ = {
			isa = PBXSourcesBuildPhase;
			buildActionMask = 2147483647;
			files = (
				AA9B2FC705D25B297B32189E /* PetBuddyTests.swift in Sources */,
			);
			runOnlyForDeploymentPostprocessing = 0;
		};
		E50FC93930D8018D98807B05 /* Sources */ = {
			isa = PBXSourcesBuildPhase;
			buildActionMask = 2147483647;
			files = (
				9D4B13B3D377E8F7F1EC093A /* ClickerCoordinator.swift in Sources */,
				D141BD86086B0619C5457CF7 /* ClickerCoordinatorView.swift in Sources */,
				2BE8A4D9E868B16AF756962B /* ClickerView.swift in Sources */,
				FEA64994B23126EE200470C5 /* ClickerViewModel.swift in Sources */,
				092A984BD3AB4A95AA7213AB /* CustomAppTab.swift in Sources */,
				A43510235B860FF896D5ED43 /* CustomTabBottomView.swift in Sources */,
				AB664DC9A0B86A7E82CBEACA /* CustomTabItemData.swift in Sources */,
				6D397DED611B90FD4170DE0F /* CustomTabItemView.swift in Sources */,
				10896CA29E95C2BFFE3C0803 /* CustomTabView.swift in Sources */,
				6F2C6377920ADE6C342B41BA /* FoodCheckerCardView.swift in Sources */,
				66D3F85A29F847CD00106A4B /* FoodCheckerViewModel.swift in Sources */,
				66D3F85629F8476400106A4B /* FoodCheckerCoordinator.swift in Sources */,
				11F67F235502236B4F59F57E /* FoodCheckerView.swift in Sources */,
				0185AC7DED4CE0312EFB79F6 /* FoodLogCoordinator.swift in Sources */,
				48BDCCA0C0804F116C7B4B16 /* FoodLogCoordinatorView.swift in Sources */,
				A6ECFB5CC0C9D9A38E445F74 /* FoodLogView.swift in Sources */,
				431A6054A0CD97E79BFC9C57 /* FoodLogViewModel.swift in Sources */,
				8483E04748CDC8B0D963B4F5 /* HealthBookCoordinator.swift in Sources */,
				6F188D53FF1591F393CEECE3 /* HealthBookCoordinatorView.swift in Sources */,
				173729F6A2ADCC36F92E08EB /* HealthBookView.swift in Sources */,
				62E5979759AB0EBF0F9DCF77 /* HealthBookViewModel.swift in Sources */,
				B40A9D7C567912C010B3E91C /* HomeCoordinator.swift in Sources */,
				5204A07EAA2627EEE36F8D5B /* HomeCoordinatorView.swift in Sources */,
				30A3D33408EA9F8981E66DDE /* HomeView.swift in Sources */,
				66D3F85429F8472F00106A4B /* FoodCheckerCoordinatorView.swift in Sources */,
				3EDE6B0707F1CA1F6E600140 /* HomeViewModel.swift in Sources */,
				74A2711FBC43D29D68B69684 /* MPView.swift in Sources */,
				EB1211283C5CD64CF9689AF7 /* MPVolumeView+.swift in Sources */,
				35C1E976D80A9F23860C1033 /* MainCoordinator.swift in Sources */,
				B877ED2BD510A4DA54BE811B /* MainCoordinatorView.swift in Sources */,
				6AFB8635C57A8174CF648815 /* PetBuddyApp.swift in Sources */,
				328205ACAB8FBEA95D1F711F /* ProfileCoordinator.swift in Sources */,
				428657B572F958C0CA5EBF6C /* ProfileCoordinatorView.swift in Sources */,
				D3B8DF6214AC90A17D5ADDDA /* ProfileView.swift in Sources */,
				CC05EA2E96976D7C18870548 /* ProfileViewModel.swift in Sources */,
				DAFF9C35F2BB2738F6DFA01F /* VolumeObserver.swift in Sources */,
			);
			runOnlyForDeploymentPostprocessing = 0;
		};
/* End PBXSourcesBuildPhase section */

/* Begin XCBuildConfiguration section */
		1495B571D5E3D8FE61D48F35 /* Release */ = {
			isa = XCBuildConfiguration;
			buildSettings = {
				BUNDLE_LOADER = "$(TEST_HOST)";
				INFOPLIST_FILE = PetBuddyTests/Resources/Info.generated.plist;
				LD_RUNPATH_SEARCH_PATHS = (
					"$(inherited)",
					"@executable_path/Frameworks",
					"@loader_path/Frameworks",
				);
				PRODUCT_BUNDLE_IDENTIFIER = "com.pxlborn.PetBuddy-Tests";
				SDKROOT = iphoneos;
				TARGETED_DEVICE_FAMILY = "1,2";
			};
			name = Release;
		};
		2434B1FE5B931D399F6F7CD3 /* Debug */ = {
			isa = XCBuildConfiguration;
			buildSettings = {
				BUNDLE_LOADER = "$(TEST_HOST)";
				INFOPLIST_FILE = PetBuddyTests/Resources/Info.generated.plist;
				LD_RUNPATH_SEARCH_PATHS = (
					"$(inherited)",
					"@executable_path/Frameworks",
					"@loader_path/Frameworks",
				);
				PRODUCT_BUNDLE_IDENTIFIER = "com.pxlborn.PetBuddy-Tests";
				SDKROOT = iphoneos;
				TARGETED_DEVICE_FAMILY = "1,2";
			};
			name = Debug;
		};
		36A17492E33B63686EFC751D /* Release */ = {
			isa = XCBuildConfiguration;
			buildSettings = {
				ASSETCATALOG_COMPILER_APPICON_NAME = AppIcon;
				CODE_SIGN_IDENTITY = "iPhone Developer";
				INFOPLIST_FILE = PetBuddy/Resources/Info.generated.plist;
				LD_RUNPATH_SEARCH_PATHS = (
					"$(inherited)",
					"@executable_path/Frameworks",
				);
				PRODUCT_BUNDLE_IDENTIFIER = "com.pxlborn.PetBuddy-iOS";
				SDKROOT = iphoneos;
				TARGETED_DEVICE_FAMILY = "1,2";
			};
			name = Release;
		};
		528497BB7044A1BE38E7B9DA /* Debug */ = {
			isa = XCBuildConfiguration;
			buildSettings = {
				ASSETCATALOG_COMPILER_APPICON_NAME = AppIcon;
				CODE_SIGN_IDENTITY = "iPhone Developer";
				INFOPLIST_FILE = PetBuddy/Resources/Info.generated.plist;
				LD_RUNPATH_SEARCH_PATHS = (
					"$(inherited)",
					"@executable_path/Frameworks",
				);
				PRODUCT_BUNDLE_IDENTIFIER = "com.pxlborn.PetBuddy-iOS";
				SDKROOT = iphoneos;
				TARGETED_DEVICE_FAMILY = "1,2";
			};
			name = Debug;
		};
		6994CC0D2E0D1AECA712779B /* Release */ = {
			isa = XCBuildConfiguration;
			buildSettings = {
				ALWAYS_SEARCH_USER_PATHS = NO;
				CLANG_ANALYZER_NONNULL = YES;
				CLANG_ANALYZER_NUMBER_OBJECT_CONVERSION = YES_AGGRESSIVE;
				CLANG_CXX_LANGUAGE_STANDARD = "gnu++14";
				CLANG_CXX_LIBRARY = "libc++";
				CLANG_ENABLE_MODULES = YES;
				CLANG_ENABLE_OBJC_ARC = YES;
				CLANG_ENABLE_OBJC_WEAK = YES;
				CLANG_WARN_BLOCK_CAPTURE_AUTORELEASING = YES;
				CLANG_WARN_BOOL_CONVERSION = YES;
				CLANG_WARN_COMMA = YES;
				CLANG_WARN_CONSTANT_CONVERSION = YES;
				CLANG_WARN_DEPRECATED_OBJC_IMPLEMENTATIONS = YES;
				CLANG_WARN_DIRECT_OBJC_ISA_USAGE = YES_ERROR;
				CLANG_WARN_DOCUMENTATION_COMMENTS = YES;
				CLANG_WARN_EMPTY_BODY = YES;
				CLANG_WARN_ENUM_CONVERSION = YES;
				CLANG_WARN_INFINITE_RECURSION = YES;
				CLANG_WARN_INT_CONVERSION = YES;
				CLANG_WARN_NON_LITERAL_NULL_CONVERSION = YES;
				CLANG_WARN_OBJC_IMPLICIT_RETAIN_SELF = YES;
				CLANG_WARN_OBJC_LITERAL_CONVERSION = YES;
				CLANG_WARN_OBJC_ROOT_CLASS = YES_ERROR;
				CLANG_WARN_QUOTED_INCLUDE_IN_FRAMEWORK_HEADER = YES;
				CLANG_WARN_RANGE_LOOP_ANALYSIS = YES;
				CLANG_WARN_STRICT_PROTOTYPES = YES;
				CLANG_WARN_SUSPICIOUS_MOVE = YES;
				CLANG_WARN_UNGUARDED_AVAILABILITY = YES_AGGRESSIVE;
				CLANG_WARN_UNREACHABLE_CODE = YES;
				CLANG_WARN__DUPLICATE_METHOD_MATCH = YES;
				COPY_PHASE_STRIP = NO;
				DEBUG_INFORMATION_FORMAT = "dwarf-with-dsym";
				ENABLE_NS_ASSERTIONS = NO;
				ENABLE_STRICT_OBJC_MSGSEND = YES;
				GCC_C_LANGUAGE_STANDARD = gnu11;
				GCC_NO_COMMON_BLOCKS = YES;
				GCC_WARN_64_TO_32_BIT_CONVERSION = YES;
				GCC_WARN_ABOUT_RETURN_TYPE = YES_ERROR;
				GCC_WARN_UNDECLARED_SELECTOR = YES;
				GCC_WARN_UNINITIALIZED_AUTOS = YES_AGGRESSIVE;
				GCC_WARN_UNUSED_FUNCTION = YES;
				GCC_WARN_UNUSED_VARIABLE = YES;
				IPHONEOS_DEPLOYMENT_TARGET = 16.2;
				MTL_ENABLE_DEBUG_INFO = NO;
				MTL_FAST_MATH = YES;
				PRODUCT_NAME = "$(TARGET_NAME)";
				SDKROOT = iphoneos;
				SWIFT_COMPILATION_MODE = wholemodule;
				SWIFT_OPTIMIZATION_LEVEL = "-O";
				SWIFT_VERSION = 5.0;
			};
			name = Release;
		};
		7B7F76A4C4378A37DF3D4B58 /* Debug */ = {
			isa = XCBuildConfiguration;
			buildSettings = {
				ALWAYS_SEARCH_USER_PATHS = NO;
				CLANG_ANALYZER_NONNULL = YES;
				CLANG_ANALYZER_NUMBER_OBJECT_CONVERSION = YES_AGGRESSIVE;
				CLANG_CXX_LANGUAGE_STANDARD = "gnu++14";
				CLANG_CXX_LIBRARY = "libc++";
				CLANG_ENABLE_MODULES = YES;
				CLANG_ENABLE_OBJC_ARC = YES;
				CLANG_ENABLE_OBJC_WEAK = YES;
				CLANG_WARN_BLOCK_CAPTURE_AUTORELEASING = YES;
				CLANG_WARN_BOOL_CONVERSION = YES;
				CLANG_WARN_COMMA = YES;
				CLANG_WARN_CONSTANT_CONVERSION = YES;
				CLANG_WARN_DEPRECATED_OBJC_IMPLEMENTATIONS = YES;
				CLANG_WARN_DIRECT_OBJC_ISA_USAGE = YES_ERROR;
				CLANG_WARN_DOCUMENTATION_COMMENTS = YES;
				CLANG_WARN_EMPTY_BODY = YES;
				CLANG_WARN_ENUM_CONVERSION = YES;
				CLANG_WARN_INFINITE_RECURSION = YES;
				CLANG_WARN_INT_CONVERSION = YES;
				CLANG_WARN_NON_LITERAL_NULL_CONVERSION = YES;
				CLANG_WARN_OBJC_IMPLICIT_RETAIN_SELF = YES;
				CLANG_WARN_OBJC_LITERAL_CONVERSION = YES;
				CLANG_WARN_OBJC_ROOT_CLASS = YES_ERROR;
				CLANG_WARN_QUOTED_INCLUDE_IN_FRAMEWORK_HEADER = YES;
				CLANG_WARN_RANGE_LOOP_ANALYSIS = YES;
				CLANG_WARN_STRICT_PROTOTYPES = YES;
				CLANG_WARN_SUSPICIOUS_MOVE = YES;
				CLANG_WARN_UNGUARDED_AVAILABILITY = YES_AGGRESSIVE;
				CLANG_WARN_UNREACHABLE_CODE = YES;
				CLANG_WARN__DUPLICATE_METHOD_MATCH = YES;
				COPY_PHASE_STRIP = NO;
				DEBUG_INFORMATION_FORMAT = dwarf;
				ENABLE_STRICT_OBJC_MSGSEND = YES;
				ENABLE_TESTABILITY = YES;
				GCC_C_LANGUAGE_STANDARD = gnu11;
				GCC_DYNAMIC_NO_PIC = NO;
				GCC_NO_COMMON_BLOCKS = YES;
				GCC_OPTIMIZATION_LEVEL = 0;
				GCC_PREPROCESSOR_DEFINITIONS = (
					"$(inherited)",
					"DEBUG=1",
				);
				GCC_WARN_64_TO_32_BIT_CONVERSION = YES;
				GCC_WARN_ABOUT_RETURN_TYPE = YES_ERROR;
				GCC_WARN_UNDECLARED_SELECTOR = YES;
				GCC_WARN_UNINITIALIZED_AUTOS = YES_AGGRESSIVE;
				GCC_WARN_UNUSED_FUNCTION = YES;
				GCC_WARN_UNUSED_VARIABLE = YES;
				IPHONEOS_DEPLOYMENT_TARGET = 16.2;
				MTL_ENABLE_DEBUG_INFO = INCLUDE_SOURCE;
				MTL_FAST_MATH = YES;
				ONLY_ACTIVE_ARCH = YES;
				PRODUCT_NAME = "$(TARGET_NAME)";
				SDKROOT = iphoneos;
				SWIFT_ACTIVE_COMPILATION_CONDITIONS = DEBUG;
				SWIFT_OPTIMIZATION_LEVEL = "-Onone";
				SWIFT_VERSION = 5.0;
			};
			name = Debug;
		};
/* End XCBuildConfiguration section */

/* Begin XCConfigurationList section */
		3B1144E24FFBBA7B6FF14524 /* Build configuration list for PBXNativeTarget "PetBuddy-Tests" */ = {
			isa = XCConfigurationList;
			buildConfigurations = (
				2434B1FE5B931D399F6F7CD3 /* Debug */,
				1495B571D5E3D8FE61D48F35 /* Release */,
			);
			defaultConfigurationIsVisible = 0;
			defaultConfigurationName = Debug;
		};
		58D1973FD2C35235798536C1 /* Build configuration list for PBXNativeTarget "PetBuddy-iOS" */ = {
			isa = XCConfigurationList;
			buildConfigurations = (
				528497BB7044A1BE38E7B9DA /* Debug */,
				36A17492E33B63686EFC751D /* Release */,
			);
			defaultConfigurationIsVisible = 0;
			defaultConfigurationName = Debug;
		};
		EA732A533DCC7C9FFFA1E5F6 /* Build configuration list for PBXProject "PetBuddy" */ = {
			isa = XCConfigurationList;
			buildConfigurations = (
				7B7F76A4C4378A37DF3D4B58 /* Debug */,
				6994CC0D2E0D1AECA712779B /* Release */,
			);
			defaultConfigurationIsVisible = 0;
			defaultConfigurationName = Debug;
		};
/* End XCConfigurationList section */

/* Begin XCRemoteSwiftPackageReference section */
		448A2B51695EDCB9BB04B769 /* XCRemoteSwiftPackageReference "Drops" */ = {
			isa = XCRemoteSwiftPackageReference;
			repositoryURL = "https://github.com/omaralbeik/Drops.git";
			requirement = {
				kind = upToNextMajorVersion;
				minimumVersion = 1.6.1;
			};
		};
/* End XCRemoteSwiftPackageReference section */

/* Begin XCSwiftPackageProductDependency section */
		0A277778A4AFB44A00539959 /* Drops */ = {
			isa = XCSwiftPackageProductDependency;
			package = 448A2B51695EDCB9BB04B769 /* XCRemoteSwiftPackageReference "Drops" */;
			productName = Drops;
		};
/* End XCSwiftPackageProductDependency section */
	};
	rootObject = 1AB3FDA43C63F99D5B5D1E79 /* Project object */;
}
